
Microsoft Visual Studio Solution File, Format Version 12.00
# Visual Studio 15
VisualStudioVersion = 15.0.26124.0
MinimumVisualStudioVersion = 15.0.26124.0
Project("{2150E333-8FDC-42A3-9474-1A3956D46DE8}") = "src", "src", "{109B331E-71B9-483C-8FC1-13B10C92A7F1}"
EndProject
Project("{FAE04EC0-301F-11D3-BF4B-00C04F79EFBC}") = "Sitko.Core.SonyFlake", "src\Sitko.Core.SonyFlake\Sitko.Core.SonyFlake.csproj", "{6677865F-C349-4D25-9E19-3DEC43E92DD5}"
EndProject
Project("{FAE04EC0-301F-11D3-BF4B-00C04F79EFBC}") = "Sitko.Core.Db.Postgres", "src\Sitko.Core.Db.Postgres\Sitko.Core.Db.Postgres.csproj", "{929B5297-A499-471F-AD89-8F05F4BC17D8}"
EndProject
Project("{FAE04EC0-301F-11D3-BF4B-00C04F79EFBC}") = "Sitko.Core.Repository", "src\Sitko.Core.Repository\Sitko.Core.Repository.csproj", "{182EA72D-3C6C-46BC-A0A5-B49AF1872371}"
EndProject
Project("{FAE04EC0-301F-11D3-BF4B-00C04F79EFBC}") = "Sitko.Core.Consul", "src\Sitko.Core.Consul\Sitko.Core.Consul.csproj", "{EA33F564-37C3-4105-BAD7-0132BDE5F27B}"
EndProject
Project("{FAE04EC0-301F-11D3-BF4B-00C04F79EFBC}") = "Sitko.Core.Db.InMemory", "src\Sitko.Core.Db.InMemory\Sitko.Core.Db.InMemory.csproj", "{35A9EDBA-21DC-49A8-8E6A-A8B677D14774}"
EndProject
Project("{FAE04EC0-301F-11D3-BF4B-00C04F79EFBC}") = "Sitko.Core.Storage", "src\Sitko.Core.Storage\Sitko.Core.Storage.csproj", "{8AE062A5-E972-4721-9660-05B6F56F5AD0}"
EndProject
Project("{FAE04EC0-301F-11D3-BF4B-00C04F79EFBC}") = "Sitko.Core.Metrics", "src\Sitko.Core.Metrics\Sitko.Core.Metrics.csproj", "{838E37E9-9D76-4930-9DF9-4B49E8BE468F}"
EndProject
Project("{FAE04EC0-301F-11D3-BF4B-00C04F79EFBC}") = "Sitko.Core.Metrics.Web", "src\Sitko.Core.Metrics.Web\Sitko.Core.Metrics.Web.csproj", "{898A4454-825C-4D91-A595-242030F52E01}"
EndProject
Project("{FAE04EC0-301F-11D3-BF4B-00C04F79EFBC}") = "Sitko.Core.Xunit", "src\Sitko.Core.Xunit\Sitko.Core.Xunit.csproj", "{A0BEB0FD-0ED4-4259-A890-6F66214DAB8B}"
EndProject
Project("{2150E333-8FDC-42A3-9474-1A3956D46DE8}") = "tests", "tests", "{10C46F0D-1B13-447E-AD22-F01DDB5A79FD}"
EndProject
Project("{FAE04EC0-301F-11D3-BF4B-00C04F79EFBC}") = "Sitko.Core.Grpc", "src\Sitko.Core.Grpc\Sitko.Core.Grpc.csproj", "{52B78812-1CDD-4999-83BA-51B549A0A64F}"
EndProject
Project("{FAE04EC0-301F-11D3-BF4B-00C04F79EFBC}") = "Sitko.Core.Grpc.Client", "src\Sitko.Core.Grpc.Client\Sitko.Core.Grpc.Client.csproj", "{862B2125-DD75-47E0-B06D-A59FB27BD157}"
EndProject
Project("{FAE04EC0-301F-11D3-BF4B-00C04F79EFBC}") = "Sitko.Core.Grpc.Server", "src\Sitko.Core.Grpc.Server\Sitko.Core.Grpc.Server.csproj", "{37A32723-6EED-4AD0-8648-C2E6D5AEBBE5}"
EndProject
Project("{FAE04EC0-301F-11D3-BF4B-00C04F79EFBC}") = "Sitko.Core.Auth", "src\Sitko.Core.Auth\Sitko.Core.Auth.csproj", "{551CE0B9-41A1-4086-A83E-55F0572DD006}"
EndProject
Project("{FAE04EC0-301F-11D3-BF4B-00C04F79EFBC}") = "Sitko.Core.Web", "src\Sitko.Core.Web\Sitko.Core.Web.csproj", "{904F4876-3F07-4852-AEE6-3E6735BCAF4A}"
EndProject
Project("{FAE04EC0-301F-11D3-BF4B-00C04F79EFBC}") = "Sitko.Core.App", "src\Sitko.Core.App\Sitko.Core.App.csproj", "{2C6B2F01-27A5-471A-AC75-7402EF1564BE}"
EndProject
Project("{2150E333-8FDC-42A3-9474-1A3956D46DE8}") = "Solution Files", "Solution Files", "{D906C736-D09C-49BD-BE76-9C3F5F8144F2}"
ProjectSection(SolutionItems) = preProject
	.editorconfig = .editorconfig
	.gitignore = .gitignore
	NuGet.config = NuGet.config
	README.md = README.md
	.gitlab-ci.yml = .gitlab-ci.yml
EndProjectSection
EndProject
Project("{FAE04EC0-301F-11D3-BF4B-00C04F79EFBC}") = "Sitko.Core.Db", "src\Sitko.Core.Db\Sitko.Core.Db.csproj", "{0CA239FF-3A6F-4C39-9A1A-A573E61A9A63}"
EndProject
Project("{FAE04EC0-301F-11D3-BF4B-00C04F79EFBC}") = "Sitko.Core.Logging", "src\Sitko.Core.Logging\Sitko.Core.Logging.csproj", "{ADF152D4-C7A5-4FA6-B0C6-70B3EAE26D86}"
EndProject
Project("{FAE04EC0-301F-11D3-BF4B-00C04F79EFBC}") = "Sitko.Core.Health", "src\Sitko.Core.Health\Sitko.Core.Health.csproj", "{8BF2E6AE-A76B-4A62-9D22-9A8DCD00F378}"
EndProject
Project("{FAE04EC0-301F-11D3-BF4B-00C04F79EFBC}") = "Sitko.Core.Health.Telegram", "src\Sitko.Core.Health.Telegram\Sitko.Core.Health.Telegram.csproj", "{61EE14D9-CAED-4E3F-AFA3-96359BD3359D}"
EndProject
Project("{FAE04EC0-301F-11D3-BF4B-00C04F79EFBC}") = "Sitko.Core.Automapper", "src\Sitko.Core.Automapper\Sitko.Core.Automapper.csproj", "{75573598-C340-42C7-9810-991CE656133E}"
EndProject
Project("{FAE04EC0-301F-11D3-BF4B-00C04F79EFBC}") = "Sitko.Core.Search", "src\Sitko.Core.Search\Sitko.Core.Search.csproj", "{F0B7F3CD-7239-454B-909F-02CC505A5F3E}"
EndProject
Project("{FAE04EC0-301F-11D3-BF4B-00C04F79EFBC}") = "Sitko.Core.Search.ElasticSearch", "src\Sitko.Core.Search.ElasticSearch\Sitko.Core.Search.ElasticSearch.csproj", "{DE9C27BE-1A07-4EFC-90E2-55F8DC12AC74}"
EndProject
Project("{FAE04EC0-301F-11D3-BF4B-00C04F79EFBC}") = "Sitko.Core.Identity", "src\Sitko.Core.Identity\Sitko.Core.Identity.csproj", "{032E7BD6-1CD1-470E-9093-1EE4655F3275}"
EndProject
Project("{FAE04EC0-301F-11D3-BF4B-00C04F79EFBC}") = "Sitko.Core.Swagger", "src\Sitko.Core.Swagger\Sitko.Core.Swagger.csproj", "{6623E3FF-7A78-4453-A04A-0DFAA5A5D31B}"
EndProject
Project("{FAE04EC0-301F-11D3-BF4B-00C04F79EFBC}") = "Sitko.Core.Email", "src\Sitko.Core.Email\Sitko.Core.Email.csproj", "{49575805-B14E-4F7C-B894-E277BC585395}"
EndProject
Project("{FAE04EC0-301F-11D3-BF4B-00C04F79EFBC}") = "Sitko.Core.Email.MailGun", "src\Sitko.Core.Email.MailGun\Sitko.Core.Email.MailGun.csproj", "{81CC06A7-4D59-422E-9FB3-7255417430A0}"
EndProject
Project("{FAE04EC0-301F-11D3-BF4B-00C04F79EFBC}") = "Sitko.Core.MessageBus", "src\Sitko.Core.MessageBus\Sitko.Core.MessageBus.csproj", "{64805A84-A010-4D54-B20A-8F7EC410D75E}"
EndProject
Project("{FAE04EC0-301F-11D3-BF4B-00C04F79EFBC}") = "Sitko.Core.Storage.S3", "src\Sitko.Core.Storage.S3\Sitko.Core.Storage.S3.csproj", "{31B5E1E2-7374-4467-99B3-925E04DDBAD5}"
EndProject
Project("{FAE04EC0-301F-11D3-BF4B-00C04F79EFBC}") = "Sitko.Core.Storage.FileSystem", "src\Sitko.Core.Storage.FileSystem\Sitko.Core.Storage.FileSystem.csproj", "{79F55139-6887-4A6D-9892-DFD575BC358F}"
EndProject
Project("{FAE04EC0-301F-11D3-BF4B-00C04F79EFBC}") = "Sitko.Core.Email.Smtp", "src\Sitko.Core.Email.Smtp\Sitko.Core.Email.Smtp.csproj", "{A639FE4A-3915-486E-B153-BCFDC0C6D2AA}"
EndProject
Project("{FAE04EC0-301F-11D3-BF4B-00C04F79EFBC}") = "Sitko.Core.Queue", "src\Sitko.Core.Queue\Sitko.Core.Queue.csproj", "{D0D6D11B-F58F-4672-B1D5-56A1454350E8}"
EndProject
Project("{FAE04EC0-301F-11D3-BF4B-00C04F79EFBC}") = "Sitko.Core.Queue.InMemory", "src\Sitko.Core.Queue.InMemory\Sitko.Core.Queue.InMemory.csproj", "{17CFC732-B0FA-4A1C-8D3B-3A08861EA422}"
EndProject
Project("{FAE04EC0-301F-11D3-BF4B-00C04F79EFBC}") = "Sitko.Core.Queue.InMemory.Tests", "tests\Sitko.Core.Queue.InMemory.Tests\Sitko.Core.Queue.InMemory.Tests.csproj", "{7FF12B08-0F69-4BD0-88BE-74D2EC90F6C1}"
EndProject
Project("{FAE04EC0-301F-11D3-BF4B-00C04F79EFBC}") = "Sitko.Core.Queue.Nats", "src\Sitko.Core.Queue.Nats\Sitko.Core.Queue.Nats.csproj", "{B9EB7A9D-6A3B-4034-B779-F90FB0811BE5}"
EndProject
Project("{FAE04EC0-301F-11D3-BF4B-00C04F79EFBC}") = "Sitko.Core.Queue.Nats.Tests", "tests\Sitko.Core.Queue.Nats.Tests\Sitko.Core.Queue.Nats.Tests.csproj", "{A6BBABEA-905F-4CA7-A8ED-BFF02DFD9919}"
EndProject
Project("{FAE04EC0-301F-11D3-BF4B-00C04F79EFBC}") = "Sitko.Core.Queue.Tests", "tests\Sitko.Core.Queue.Test\Sitko.Core.Queue.Tests.csproj", "{39A5C81A-D7F4-4BE3-8651-5FEF693DE09B}"
EndProject
Project("{FAE04EC0-301F-11D3-BF4B-00C04F79EFBC}") = "Sitko.Core.SonyFlake.Tests", "tests\Sitko.Core.SonyFlake.Tests\Sitko.Core.SonyFlake.Tests.csproj", "{25FDFE34-3943-4FB5-B4CF-EAB2B1E22357}"
EndProject
Global
	GlobalSection(SolutionConfigurationPlatforms) = preSolution
		Debug|Any CPU = Debug|Any CPU
		Debug|x64 = Debug|x64
		Debug|x86 = Debug|x86
		Release|Any CPU = Release|Any CPU
		Release|x64 = Release|x64
		Release|x86 = Release|x86
	EndGlobalSection
	GlobalSection(SolutionProperties) = preSolution
		HideSolutionNode = FALSE
	EndGlobalSection
	GlobalSection(ProjectConfigurationPlatforms) = postSolution
		{6677865F-C349-4D25-9E19-3DEC43E92DD5}.Debug|Any CPU.ActiveCfg = Debug|Any CPU
		{6677865F-C349-4D25-9E19-3DEC43E92DD5}.Debug|Any CPU.Build.0 = Debug|Any CPU
		{6677865F-C349-4D25-9E19-3DEC43E92DD5}.Debug|x64.ActiveCfg = Debug|Any CPU
		{6677865F-C349-4D25-9E19-3DEC43E92DD5}.Debug|x64.Build.0 = Debug|Any CPU
		{6677865F-C349-4D25-9E19-3DEC43E92DD5}.Debug|x86.ActiveCfg = Debug|Any CPU
		{6677865F-C349-4D25-9E19-3DEC43E92DD5}.Debug|x86.Build.0 = Debug|Any CPU
		{6677865F-C349-4D25-9E19-3DEC43E92DD5}.Release|Any CPU.ActiveCfg = Release|Any CPU
		{6677865F-C349-4D25-9E19-3DEC43E92DD5}.Release|Any CPU.Build.0 = Release|Any CPU
		{6677865F-C349-4D25-9E19-3DEC43E92DD5}.Release|x64.ActiveCfg = Release|Any CPU
		{6677865F-C349-4D25-9E19-3DEC43E92DD5}.Release|x64.Build.0 = Release|Any CPU
		{6677865F-C349-4D25-9E19-3DEC43E92DD5}.Release|x86.ActiveCfg = Release|Any CPU
		{6677865F-C349-4D25-9E19-3DEC43E92DD5}.Release|x86.Build.0 = Release|Any CPU
		{929B5297-A499-471F-AD89-8F05F4BC17D8}.Debug|Any CPU.ActiveCfg = Debug|Any CPU
		{929B5297-A499-471F-AD89-8F05F4BC17D8}.Debug|Any CPU.Build.0 = Debug|Any CPU
		{929B5297-A499-471F-AD89-8F05F4BC17D8}.Debug|x64.ActiveCfg = Debug|Any CPU
		{929B5297-A499-471F-AD89-8F05F4BC17D8}.Debug|x64.Build.0 = Debug|Any CPU
		{929B5297-A499-471F-AD89-8F05F4BC17D8}.Debug|x86.ActiveCfg = Debug|Any CPU
		{929B5297-A499-471F-AD89-8F05F4BC17D8}.Debug|x86.Build.0 = Debug|Any CPU
		{929B5297-A499-471F-AD89-8F05F4BC17D8}.Release|Any CPU.ActiveCfg = Release|Any CPU
		{929B5297-A499-471F-AD89-8F05F4BC17D8}.Release|Any CPU.Build.0 = Release|Any CPU
		{929B5297-A499-471F-AD89-8F05F4BC17D8}.Release|x64.ActiveCfg = Release|Any CPU
		{929B5297-A499-471F-AD89-8F05F4BC17D8}.Release|x64.Build.0 = Release|Any CPU
		{929B5297-A499-471F-AD89-8F05F4BC17D8}.Release|x86.ActiveCfg = Release|Any CPU
		{929B5297-A499-471F-AD89-8F05F4BC17D8}.Release|x86.Build.0 = Release|Any CPU
		{182EA72D-3C6C-46BC-A0A5-B49AF1872371}.Debug|Any CPU.ActiveCfg = Debug|Any CPU
		{182EA72D-3C6C-46BC-A0A5-B49AF1872371}.Debug|Any CPU.Build.0 = Debug|Any CPU
		{182EA72D-3C6C-46BC-A0A5-B49AF1872371}.Debug|x64.ActiveCfg = Debug|Any CPU
		{182EA72D-3C6C-46BC-A0A5-B49AF1872371}.Debug|x64.Build.0 = Debug|Any CPU
		{182EA72D-3C6C-46BC-A0A5-B49AF1872371}.Debug|x86.ActiveCfg = Debug|Any CPU
		{182EA72D-3C6C-46BC-A0A5-B49AF1872371}.Debug|x86.Build.0 = Debug|Any CPU
		{182EA72D-3C6C-46BC-A0A5-B49AF1872371}.Release|Any CPU.ActiveCfg = Release|Any CPU
		{182EA72D-3C6C-46BC-A0A5-B49AF1872371}.Release|Any CPU.Build.0 = Release|Any CPU
		{182EA72D-3C6C-46BC-A0A5-B49AF1872371}.Release|x64.ActiveCfg = Release|Any CPU
		{182EA72D-3C6C-46BC-A0A5-B49AF1872371}.Release|x64.Build.0 = Release|Any CPU
		{182EA72D-3C6C-46BC-A0A5-B49AF1872371}.Release|x86.ActiveCfg = Release|Any CPU
		{182EA72D-3C6C-46BC-A0A5-B49AF1872371}.Release|x86.Build.0 = Release|Any CPU
		{EA33F564-37C3-4105-BAD7-0132BDE5F27B}.Debug|Any CPU.ActiveCfg = Debug|Any CPU
		{EA33F564-37C3-4105-BAD7-0132BDE5F27B}.Debug|Any CPU.Build.0 = Debug|Any CPU
		{EA33F564-37C3-4105-BAD7-0132BDE5F27B}.Debug|x64.ActiveCfg = Debug|Any CPU
		{EA33F564-37C3-4105-BAD7-0132BDE5F27B}.Debug|x64.Build.0 = Debug|Any CPU
		{EA33F564-37C3-4105-BAD7-0132BDE5F27B}.Debug|x86.ActiveCfg = Debug|Any CPU
		{EA33F564-37C3-4105-BAD7-0132BDE5F27B}.Debug|x86.Build.0 = Debug|Any CPU
		{EA33F564-37C3-4105-BAD7-0132BDE5F27B}.Release|Any CPU.ActiveCfg = Release|Any CPU
		{EA33F564-37C3-4105-BAD7-0132BDE5F27B}.Release|Any CPU.Build.0 = Release|Any CPU
		{EA33F564-37C3-4105-BAD7-0132BDE5F27B}.Release|x64.ActiveCfg = Release|Any CPU
		{EA33F564-37C3-4105-BAD7-0132BDE5F27B}.Release|x64.Build.0 = Release|Any CPU
		{EA33F564-37C3-4105-BAD7-0132BDE5F27B}.Release|x86.ActiveCfg = Release|Any CPU
		{EA33F564-37C3-4105-BAD7-0132BDE5F27B}.Release|x86.Build.0 = Release|Any CPU
		{35A9EDBA-21DC-49A8-8E6A-A8B677D14774}.Debug|Any CPU.ActiveCfg = Debug|Any CPU
		{35A9EDBA-21DC-49A8-8E6A-A8B677D14774}.Debug|Any CPU.Build.0 = Debug|Any CPU
		{35A9EDBA-21DC-49A8-8E6A-A8B677D14774}.Debug|x64.ActiveCfg = Debug|Any CPU
		{35A9EDBA-21DC-49A8-8E6A-A8B677D14774}.Debug|x64.Build.0 = Debug|Any CPU
		{35A9EDBA-21DC-49A8-8E6A-A8B677D14774}.Debug|x86.ActiveCfg = Debug|Any CPU
		{35A9EDBA-21DC-49A8-8E6A-A8B677D14774}.Debug|x86.Build.0 = Debug|Any CPU
		{35A9EDBA-21DC-49A8-8E6A-A8B677D14774}.Release|Any CPU.ActiveCfg = Release|Any CPU
		{35A9EDBA-21DC-49A8-8E6A-A8B677D14774}.Release|Any CPU.Build.0 = Release|Any CPU
		{35A9EDBA-21DC-49A8-8E6A-A8B677D14774}.Release|x64.ActiveCfg = Release|Any CPU
		{35A9EDBA-21DC-49A8-8E6A-A8B677D14774}.Release|x64.Build.0 = Release|Any CPU
		{35A9EDBA-21DC-49A8-8E6A-A8B677D14774}.Release|x86.ActiveCfg = Release|Any CPU
		{35A9EDBA-21DC-49A8-8E6A-A8B677D14774}.Release|x86.Build.0 = Release|Any CPU
		{8AE062A5-E972-4721-9660-05B6F56F5AD0}.Debug|Any CPU.ActiveCfg = Debug|Any CPU
		{8AE062A5-E972-4721-9660-05B6F56F5AD0}.Debug|Any CPU.Build.0 = Debug|Any CPU
		{8AE062A5-E972-4721-9660-05B6F56F5AD0}.Debug|x64.ActiveCfg = Debug|Any CPU
		{8AE062A5-E972-4721-9660-05B6F56F5AD0}.Debug|x64.Build.0 = Debug|Any CPU
		{8AE062A5-E972-4721-9660-05B6F56F5AD0}.Debug|x86.ActiveCfg = Debug|Any CPU
		{8AE062A5-E972-4721-9660-05B6F56F5AD0}.Debug|x86.Build.0 = Debug|Any CPU
		{8AE062A5-E972-4721-9660-05B6F56F5AD0}.Release|Any CPU.ActiveCfg = Release|Any CPU
		{8AE062A5-E972-4721-9660-05B6F56F5AD0}.Release|Any CPU.Build.0 = Release|Any CPU
		{8AE062A5-E972-4721-9660-05B6F56F5AD0}.Release|x64.ActiveCfg = Release|Any CPU
		{8AE062A5-E972-4721-9660-05B6F56F5AD0}.Release|x64.Build.0 = Release|Any CPU
		{8AE062A5-E972-4721-9660-05B6F56F5AD0}.Release|x86.ActiveCfg = Release|Any CPU
		{8AE062A5-E972-4721-9660-05B6F56F5AD0}.Release|x86.Build.0 = Release|Any CPU
		{838E37E9-9D76-4930-9DF9-4B49E8BE468F}.Debug|Any CPU.ActiveCfg = Debug|Any CPU
		{838E37E9-9D76-4930-9DF9-4B49E8BE468F}.Debug|Any CPU.Build.0 = Debug|Any CPU
		{838E37E9-9D76-4930-9DF9-4B49E8BE468F}.Debug|x64.ActiveCfg = Debug|Any CPU
		{838E37E9-9D76-4930-9DF9-4B49E8BE468F}.Debug|x64.Build.0 = Debug|Any CPU
		{838E37E9-9D76-4930-9DF9-4B49E8BE468F}.Debug|x86.ActiveCfg = Debug|Any CPU
		{838E37E9-9D76-4930-9DF9-4B49E8BE468F}.Debug|x86.Build.0 = Debug|Any CPU
		{838E37E9-9D76-4930-9DF9-4B49E8BE468F}.Release|Any CPU.ActiveCfg = Release|Any CPU
		{838E37E9-9D76-4930-9DF9-4B49E8BE468F}.Release|Any CPU.Build.0 = Release|Any CPU
		{838E37E9-9D76-4930-9DF9-4B49E8BE468F}.Release|x64.ActiveCfg = Release|Any CPU
		{838E37E9-9D76-4930-9DF9-4B49E8BE468F}.Release|x64.Build.0 = Release|Any CPU
		{838E37E9-9D76-4930-9DF9-4B49E8BE468F}.Release|x86.ActiveCfg = Release|Any CPU
		{838E37E9-9D76-4930-9DF9-4B49E8BE468F}.Release|x86.Build.0 = Release|Any CPU
		{898A4454-825C-4D91-A595-242030F52E01}.Debug|Any CPU.ActiveCfg = Debug|Any CPU
		{898A4454-825C-4D91-A595-242030F52E01}.Debug|Any CPU.Build.0 = Debug|Any CPU
		{898A4454-825C-4D91-A595-242030F52E01}.Debug|x64.ActiveCfg = Debug|Any CPU
		{898A4454-825C-4D91-A595-242030F52E01}.Debug|x64.Build.0 = Debug|Any CPU
		{898A4454-825C-4D91-A595-242030F52E01}.Debug|x86.ActiveCfg = Debug|Any CPU
		{898A4454-825C-4D91-A595-242030F52E01}.Debug|x86.Build.0 = Debug|Any CPU
		{898A4454-825C-4D91-A595-242030F52E01}.Release|Any CPU.ActiveCfg = Release|Any CPU
		{898A4454-825C-4D91-A595-242030F52E01}.Release|Any CPU.Build.0 = Release|Any CPU
		{898A4454-825C-4D91-A595-242030F52E01}.Release|x64.ActiveCfg = Release|Any CPU
		{898A4454-825C-4D91-A595-242030F52E01}.Release|x64.Build.0 = Release|Any CPU
		{898A4454-825C-4D91-A595-242030F52E01}.Release|x86.ActiveCfg = Release|Any CPU
		{898A4454-825C-4D91-A595-242030F52E01}.Release|x86.Build.0 = Release|Any CPU
		{A0BEB0FD-0ED4-4259-A890-6F66214DAB8B}.Debug|Any CPU.ActiveCfg = Debug|Any CPU
		{A0BEB0FD-0ED4-4259-A890-6F66214DAB8B}.Debug|Any CPU.Build.0 = Debug|Any CPU
		{A0BEB0FD-0ED4-4259-A890-6F66214DAB8B}.Debug|x64.ActiveCfg = Debug|Any CPU
		{A0BEB0FD-0ED4-4259-A890-6F66214DAB8B}.Debug|x64.Build.0 = Debug|Any CPU
		{A0BEB0FD-0ED4-4259-A890-6F66214DAB8B}.Debug|x86.ActiveCfg = Debug|Any CPU
		{A0BEB0FD-0ED4-4259-A890-6F66214DAB8B}.Debug|x86.Build.0 = Debug|Any CPU
		{A0BEB0FD-0ED4-4259-A890-6F66214DAB8B}.Release|Any CPU.ActiveCfg = Release|Any CPU
		{A0BEB0FD-0ED4-4259-A890-6F66214DAB8B}.Release|Any CPU.Build.0 = Release|Any CPU
		{A0BEB0FD-0ED4-4259-A890-6F66214DAB8B}.Release|x64.ActiveCfg = Release|Any CPU
		{A0BEB0FD-0ED4-4259-A890-6F66214DAB8B}.Release|x64.Build.0 = Release|Any CPU
		{A0BEB0FD-0ED4-4259-A890-6F66214DAB8B}.Release|x86.ActiveCfg = Release|Any CPU
		{A0BEB0FD-0ED4-4259-A890-6F66214DAB8B}.Release|x86.Build.0 = Release|Any CPU
		{52B78812-1CDD-4999-83BA-51B549A0A64F}.Debug|Any CPU.ActiveCfg = Debug|Any CPU
		{52B78812-1CDD-4999-83BA-51B549A0A64F}.Debug|Any CPU.Build.0 = Debug|Any CPU
		{52B78812-1CDD-4999-83BA-51B549A0A64F}.Debug|x64.ActiveCfg = Debug|Any CPU
		{52B78812-1CDD-4999-83BA-51B549A0A64F}.Debug|x64.Build.0 = Debug|Any CPU
		{52B78812-1CDD-4999-83BA-51B549A0A64F}.Debug|x86.ActiveCfg = Debug|Any CPU
		{52B78812-1CDD-4999-83BA-51B549A0A64F}.Debug|x86.Build.0 = Debug|Any CPU
		{52B78812-1CDD-4999-83BA-51B549A0A64F}.Release|Any CPU.ActiveCfg = Release|Any CPU
		{52B78812-1CDD-4999-83BA-51B549A0A64F}.Release|Any CPU.Build.0 = Release|Any CPU
		{52B78812-1CDD-4999-83BA-51B549A0A64F}.Release|x64.ActiveCfg = Release|Any CPU
		{52B78812-1CDD-4999-83BA-51B549A0A64F}.Release|x64.Build.0 = Release|Any CPU
		{52B78812-1CDD-4999-83BA-51B549A0A64F}.Release|x86.ActiveCfg = Release|Any CPU
		{52B78812-1CDD-4999-83BA-51B549A0A64F}.Release|x86.Build.0 = Release|Any CPU
		{862B2125-DD75-47E0-B06D-A59FB27BD157}.Debug|Any CPU.ActiveCfg = Debug|Any CPU
		{862B2125-DD75-47E0-B06D-A59FB27BD157}.Debug|Any CPU.Build.0 = Debug|Any CPU
		{862B2125-DD75-47E0-B06D-A59FB27BD157}.Debug|x64.ActiveCfg = Debug|Any CPU
		{862B2125-DD75-47E0-B06D-A59FB27BD157}.Debug|x64.Build.0 = Debug|Any CPU
		{862B2125-DD75-47E0-B06D-A59FB27BD157}.Debug|x86.ActiveCfg = Debug|Any CPU
		{862B2125-DD75-47E0-B06D-A59FB27BD157}.Debug|x86.Build.0 = Debug|Any CPU
		{862B2125-DD75-47E0-B06D-A59FB27BD157}.Release|Any CPU.ActiveCfg = Release|Any CPU
		{862B2125-DD75-47E0-B06D-A59FB27BD157}.Release|Any CPU.Build.0 = Release|Any CPU
		{862B2125-DD75-47E0-B06D-A59FB27BD157}.Release|x64.ActiveCfg = Release|Any CPU
		{862B2125-DD75-47E0-B06D-A59FB27BD157}.Release|x64.Build.0 = Release|Any CPU
		{862B2125-DD75-47E0-B06D-A59FB27BD157}.Release|x86.ActiveCfg = Release|Any CPU
		{862B2125-DD75-47E0-B06D-A59FB27BD157}.Release|x86.Build.0 = Release|Any CPU
		{37A32723-6EED-4AD0-8648-C2E6D5AEBBE5}.Debug|Any CPU.ActiveCfg = Debug|Any CPU
		{37A32723-6EED-4AD0-8648-C2E6D5AEBBE5}.Debug|Any CPU.Build.0 = Debug|Any CPU
		{37A32723-6EED-4AD0-8648-C2E6D5AEBBE5}.Debug|x64.ActiveCfg = Debug|Any CPU
		{37A32723-6EED-4AD0-8648-C2E6D5AEBBE5}.Debug|x64.Build.0 = Debug|Any CPU
		{37A32723-6EED-4AD0-8648-C2E6D5AEBBE5}.Debug|x86.ActiveCfg = Debug|Any CPU
		{37A32723-6EED-4AD0-8648-C2E6D5AEBBE5}.Debug|x86.Build.0 = Debug|Any CPU
		{37A32723-6EED-4AD0-8648-C2E6D5AEBBE5}.Release|Any CPU.ActiveCfg = Release|Any CPU
		{37A32723-6EED-4AD0-8648-C2E6D5AEBBE5}.Release|Any CPU.Build.0 = Release|Any CPU
		{37A32723-6EED-4AD0-8648-C2E6D5AEBBE5}.Release|x64.ActiveCfg = Release|Any CPU
		{37A32723-6EED-4AD0-8648-C2E6D5AEBBE5}.Release|x64.Build.0 = Release|Any CPU
		{37A32723-6EED-4AD0-8648-C2E6D5AEBBE5}.Release|x86.ActiveCfg = Release|Any CPU
		{37A32723-6EED-4AD0-8648-C2E6D5AEBBE5}.Release|x86.Build.0 = Release|Any CPU
		{551CE0B9-41A1-4086-A83E-55F0572DD006}.Debug|Any CPU.ActiveCfg = Debug|Any CPU
		{551CE0B9-41A1-4086-A83E-55F0572DD006}.Debug|Any CPU.Build.0 = Debug|Any CPU
		{551CE0B9-41A1-4086-A83E-55F0572DD006}.Debug|x64.ActiveCfg = Debug|Any CPU
		{551CE0B9-41A1-4086-A83E-55F0572DD006}.Debug|x64.Build.0 = Debug|Any CPU
		{551CE0B9-41A1-4086-A83E-55F0572DD006}.Debug|x86.ActiveCfg = Debug|Any CPU
		{551CE0B9-41A1-4086-A83E-55F0572DD006}.Debug|x86.Build.0 = Debug|Any CPU
		{551CE0B9-41A1-4086-A83E-55F0572DD006}.Release|Any CPU.ActiveCfg = Release|Any CPU
		{551CE0B9-41A1-4086-A83E-55F0572DD006}.Release|Any CPU.Build.0 = Release|Any CPU
		{551CE0B9-41A1-4086-A83E-55F0572DD006}.Release|x64.ActiveCfg = Release|Any CPU
		{551CE0B9-41A1-4086-A83E-55F0572DD006}.Release|x64.Build.0 = Release|Any CPU
		{551CE0B9-41A1-4086-A83E-55F0572DD006}.Release|x86.ActiveCfg = Release|Any CPU
		{551CE0B9-41A1-4086-A83E-55F0572DD006}.Release|x86.Build.0 = Release|Any CPU
		{904F4876-3F07-4852-AEE6-3E6735BCAF4A}.Debug|Any CPU.ActiveCfg = Debug|Any CPU
		{904F4876-3F07-4852-AEE6-3E6735BCAF4A}.Debug|Any CPU.Build.0 = Debug|Any CPU
		{904F4876-3F07-4852-AEE6-3E6735BCAF4A}.Debug|x64.ActiveCfg = Debug|Any CPU
		{904F4876-3F07-4852-AEE6-3E6735BCAF4A}.Debug|x64.Build.0 = Debug|Any CPU
		{904F4876-3F07-4852-AEE6-3E6735BCAF4A}.Debug|x86.ActiveCfg = Debug|Any CPU
		{904F4876-3F07-4852-AEE6-3E6735BCAF4A}.Debug|x86.Build.0 = Debug|Any CPU
		{904F4876-3F07-4852-AEE6-3E6735BCAF4A}.Release|Any CPU.ActiveCfg = Release|Any CPU
		{904F4876-3F07-4852-AEE6-3E6735BCAF4A}.Release|Any CPU.Build.0 = Release|Any CPU
		{904F4876-3F07-4852-AEE6-3E6735BCAF4A}.Release|x64.ActiveCfg = Release|Any CPU
		{904F4876-3F07-4852-AEE6-3E6735BCAF4A}.Release|x64.Build.0 = Release|Any CPU
		{904F4876-3F07-4852-AEE6-3E6735BCAF4A}.Release|x86.ActiveCfg = Release|Any CPU
		{904F4876-3F07-4852-AEE6-3E6735BCAF4A}.Release|x86.Build.0 = Release|Any CPU
		{2C6B2F01-27A5-471A-AC75-7402EF1564BE}.Debug|Any CPU.ActiveCfg = Debug|Any CPU
		{2C6B2F01-27A5-471A-AC75-7402EF1564BE}.Debug|Any CPU.Build.0 = Debug|Any CPU
		{2C6B2F01-27A5-471A-AC75-7402EF1564BE}.Debug|x64.ActiveCfg = Debug|Any CPU
		{2C6B2F01-27A5-471A-AC75-7402EF1564BE}.Debug|x64.Build.0 = Debug|Any CPU
		{2C6B2F01-27A5-471A-AC75-7402EF1564BE}.Debug|x86.ActiveCfg = Debug|Any CPU
		{2C6B2F01-27A5-471A-AC75-7402EF1564BE}.Debug|x86.Build.0 = Debug|Any CPU
		{2C6B2F01-27A5-471A-AC75-7402EF1564BE}.Release|Any CPU.ActiveCfg = Release|Any CPU
		{2C6B2F01-27A5-471A-AC75-7402EF1564BE}.Release|Any CPU.Build.0 = Release|Any CPU
		{2C6B2F01-27A5-471A-AC75-7402EF1564BE}.Release|x64.ActiveCfg = Release|Any CPU
		{2C6B2F01-27A5-471A-AC75-7402EF1564BE}.Release|x64.Build.0 = Release|Any CPU
		{2C6B2F01-27A5-471A-AC75-7402EF1564BE}.Release|x86.ActiveCfg = Release|Any CPU
		{2C6B2F01-27A5-471A-AC75-7402EF1564BE}.Release|x86.Build.0 = Release|Any CPU
		{0CA239FF-3A6F-4C39-9A1A-A573E61A9A63}.Debug|Any CPU.ActiveCfg = Debug|Any CPU
		{0CA239FF-3A6F-4C39-9A1A-A573E61A9A63}.Debug|Any CPU.Build.0 = Debug|Any CPU
		{0CA239FF-3A6F-4C39-9A1A-A573E61A9A63}.Debug|x64.ActiveCfg = Debug|Any CPU
		{0CA239FF-3A6F-4C39-9A1A-A573E61A9A63}.Debug|x64.Build.0 = Debug|Any CPU
		{0CA239FF-3A6F-4C39-9A1A-A573E61A9A63}.Debug|x86.ActiveCfg = Debug|Any CPU
		{0CA239FF-3A6F-4C39-9A1A-A573E61A9A63}.Debug|x86.Build.0 = Debug|Any CPU
		{0CA239FF-3A6F-4C39-9A1A-A573E61A9A63}.Release|Any CPU.ActiveCfg = Release|Any CPU
		{0CA239FF-3A6F-4C39-9A1A-A573E61A9A63}.Release|Any CPU.Build.0 = Release|Any CPU
		{0CA239FF-3A6F-4C39-9A1A-A573E61A9A63}.Release|x64.ActiveCfg = Release|Any CPU
		{0CA239FF-3A6F-4C39-9A1A-A573E61A9A63}.Release|x64.Build.0 = Release|Any CPU
		{0CA239FF-3A6F-4C39-9A1A-A573E61A9A63}.Release|x86.ActiveCfg = Release|Any CPU
		{0CA239FF-3A6F-4C39-9A1A-A573E61A9A63}.Release|x86.Build.0 = Release|Any CPU
		{ADF152D4-C7A5-4FA6-B0C6-70B3EAE26D86}.Debug|Any CPU.ActiveCfg = Debug|Any CPU
		{ADF152D4-C7A5-4FA6-B0C6-70B3EAE26D86}.Debug|Any CPU.Build.0 = Debug|Any CPU
		{ADF152D4-C7A5-4FA6-B0C6-70B3EAE26D86}.Debug|x64.ActiveCfg = Debug|Any CPU
		{ADF152D4-C7A5-4FA6-B0C6-70B3EAE26D86}.Debug|x64.Build.0 = Debug|Any CPU
		{ADF152D4-C7A5-4FA6-B0C6-70B3EAE26D86}.Debug|x86.ActiveCfg = Debug|Any CPU
		{ADF152D4-C7A5-4FA6-B0C6-70B3EAE26D86}.Debug|x86.Build.0 = Debug|Any CPU
		{ADF152D4-C7A5-4FA6-B0C6-70B3EAE26D86}.Release|Any CPU.ActiveCfg = Release|Any CPU
		{ADF152D4-C7A5-4FA6-B0C6-70B3EAE26D86}.Release|Any CPU.Build.0 = Release|Any CPU
		{ADF152D4-C7A5-4FA6-B0C6-70B3EAE26D86}.Release|x64.ActiveCfg = Release|Any CPU
		{ADF152D4-C7A5-4FA6-B0C6-70B3EAE26D86}.Release|x64.Build.0 = Release|Any CPU
		{ADF152D4-C7A5-4FA6-B0C6-70B3EAE26D86}.Release|x86.ActiveCfg = Release|Any CPU
		{ADF152D4-C7A5-4FA6-B0C6-70B3EAE26D86}.Release|x86.Build.0 = Release|Any CPU
		{8BF2E6AE-A76B-4A62-9D22-9A8DCD00F378}.Debug|Any CPU.ActiveCfg = Debug|Any CPU
		{8BF2E6AE-A76B-4A62-9D22-9A8DCD00F378}.Debug|Any CPU.Build.0 = Debug|Any CPU
		{8BF2E6AE-A76B-4A62-9D22-9A8DCD00F378}.Debug|x64.ActiveCfg = Debug|Any CPU
		{8BF2E6AE-A76B-4A62-9D22-9A8DCD00F378}.Debug|x64.Build.0 = Debug|Any CPU
		{8BF2E6AE-A76B-4A62-9D22-9A8DCD00F378}.Debug|x86.ActiveCfg = Debug|Any CPU
		{8BF2E6AE-A76B-4A62-9D22-9A8DCD00F378}.Debug|x86.Build.0 = Debug|Any CPU
		{8BF2E6AE-A76B-4A62-9D22-9A8DCD00F378}.Release|Any CPU.ActiveCfg = Release|Any CPU
		{8BF2E6AE-A76B-4A62-9D22-9A8DCD00F378}.Release|Any CPU.Build.0 = Release|Any CPU
		{8BF2E6AE-A76B-4A62-9D22-9A8DCD00F378}.Release|x64.ActiveCfg = Release|Any CPU
		{8BF2E6AE-A76B-4A62-9D22-9A8DCD00F378}.Release|x64.Build.0 = Release|Any CPU
		{8BF2E6AE-A76B-4A62-9D22-9A8DCD00F378}.Release|x86.ActiveCfg = Release|Any CPU
		{8BF2E6AE-A76B-4A62-9D22-9A8DCD00F378}.Release|x86.Build.0 = Release|Any CPU
		{61EE14D9-CAED-4E3F-AFA3-96359BD3359D}.Debug|Any CPU.ActiveCfg = Debug|Any CPU
		{61EE14D9-CAED-4E3F-AFA3-96359BD3359D}.Debug|Any CPU.Build.0 = Debug|Any CPU
		{61EE14D9-CAED-4E3F-AFA3-96359BD3359D}.Debug|x64.ActiveCfg = Debug|Any CPU
		{61EE14D9-CAED-4E3F-AFA3-96359BD3359D}.Debug|x64.Build.0 = Debug|Any CPU
		{61EE14D9-CAED-4E3F-AFA3-96359BD3359D}.Debug|x86.ActiveCfg = Debug|Any CPU
		{61EE14D9-CAED-4E3F-AFA3-96359BD3359D}.Debug|x86.Build.0 = Debug|Any CPU
		{61EE14D9-CAED-4E3F-AFA3-96359BD3359D}.Release|Any CPU.ActiveCfg = Release|Any CPU
		{61EE14D9-CAED-4E3F-AFA3-96359BD3359D}.Release|Any CPU.Build.0 = Release|Any CPU
		{61EE14D9-CAED-4E3F-AFA3-96359BD3359D}.Release|x64.ActiveCfg = Release|Any CPU
		{61EE14D9-CAED-4E3F-AFA3-96359BD3359D}.Release|x64.Build.0 = Release|Any CPU
		{61EE14D9-CAED-4E3F-AFA3-96359BD3359D}.Release|x86.ActiveCfg = Release|Any CPU
		{61EE14D9-CAED-4E3F-AFA3-96359BD3359D}.Release|x86.Build.0 = Release|Any CPU
		{75573598-C340-42C7-9810-991CE656133E}.Debug|Any CPU.ActiveCfg = Debug|Any CPU
		{75573598-C340-42C7-9810-991CE656133E}.Debug|Any CPU.Build.0 = Debug|Any CPU
		{75573598-C340-42C7-9810-991CE656133E}.Debug|x64.ActiveCfg = Debug|Any CPU
		{75573598-C340-42C7-9810-991CE656133E}.Debug|x64.Build.0 = Debug|Any CPU
		{75573598-C340-42C7-9810-991CE656133E}.Debug|x86.ActiveCfg = Debug|Any CPU
		{75573598-C340-42C7-9810-991CE656133E}.Debug|x86.Build.0 = Debug|Any CPU
		{75573598-C340-42C7-9810-991CE656133E}.Release|Any CPU.ActiveCfg = Release|Any CPU
		{75573598-C340-42C7-9810-991CE656133E}.Release|Any CPU.Build.0 = Release|Any CPU
		{75573598-C340-42C7-9810-991CE656133E}.Release|x64.ActiveCfg = Release|Any CPU
		{75573598-C340-42C7-9810-991CE656133E}.Release|x64.Build.0 = Release|Any CPU
		{75573598-C340-42C7-9810-991CE656133E}.Release|x86.ActiveCfg = Release|Any CPU
		{75573598-C340-42C7-9810-991CE656133E}.Release|x86.Build.0 = Release|Any CPU
		{F0B7F3CD-7239-454B-909F-02CC505A5F3E}.Debug|Any CPU.ActiveCfg = Debug|Any CPU
		{F0B7F3CD-7239-454B-909F-02CC505A5F3E}.Debug|Any CPU.Build.0 = Debug|Any CPU
		{F0B7F3CD-7239-454B-909F-02CC505A5F3E}.Debug|x64.ActiveCfg = Debug|Any CPU
		{F0B7F3CD-7239-454B-909F-02CC505A5F3E}.Debug|x64.Build.0 = Debug|Any CPU
		{F0B7F3CD-7239-454B-909F-02CC505A5F3E}.Debug|x86.ActiveCfg = Debug|Any CPU
		{F0B7F3CD-7239-454B-909F-02CC505A5F3E}.Debug|x86.Build.0 = Debug|Any CPU
		{F0B7F3CD-7239-454B-909F-02CC505A5F3E}.Release|Any CPU.ActiveCfg = Release|Any CPU
		{F0B7F3CD-7239-454B-909F-02CC505A5F3E}.Release|Any CPU.Build.0 = Release|Any CPU
		{F0B7F3CD-7239-454B-909F-02CC505A5F3E}.Release|x64.ActiveCfg = Release|Any CPU
		{F0B7F3CD-7239-454B-909F-02CC505A5F3E}.Release|x64.Build.0 = Release|Any CPU
		{F0B7F3CD-7239-454B-909F-02CC505A5F3E}.Release|x86.ActiveCfg = Release|Any CPU
		{F0B7F3CD-7239-454B-909F-02CC505A5F3E}.Release|x86.Build.0 = Release|Any CPU
		{DE9C27BE-1A07-4EFC-90E2-55F8DC12AC74}.Debug|Any CPU.ActiveCfg = Debug|Any CPU
		{DE9C27BE-1A07-4EFC-90E2-55F8DC12AC74}.Debug|Any CPU.Build.0 = Debug|Any CPU
		{DE9C27BE-1A07-4EFC-90E2-55F8DC12AC74}.Debug|x64.ActiveCfg = Debug|Any CPU
		{DE9C27BE-1A07-4EFC-90E2-55F8DC12AC74}.Debug|x64.Build.0 = Debug|Any CPU
		{DE9C27BE-1A07-4EFC-90E2-55F8DC12AC74}.Debug|x86.ActiveCfg = Debug|Any CPU
		{DE9C27BE-1A07-4EFC-90E2-55F8DC12AC74}.Debug|x86.Build.0 = Debug|Any CPU
		{DE9C27BE-1A07-4EFC-90E2-55F8DC12AC74}.Release|Any CPU.ActiveCfg = Release|Any CPU
		{DE9C27BE-1A07-4EFC-90E2-55F8DC12AC74}.Release|Any CPU.Build.0 = Release|Any CPU
		{DE9C27BE-1A07-4EFC-90E2-55F8DC12AC74}.Release|x64.ActiveCfg = Release|Any CPU
		{DE9C27BE-1A07-4EFC-90E2-55F8DC12AC74}.Release|x64.Build.0 = Release|Any CPU
		{DE9C27BE-1A07-4EFC-90E2-55F8DC12AC74}.Release|x86.ActiveCfg = Release|Any CPU
		{DE9C27BE-1A07-4EFC-90E2-55F8DC12AC74}.Release|x86.Build.0 = Release|Any CPU
		{032E7BD6-1CD1-470E-9093-1EE4655F3275}.Debug|Any CPU.ActiveCfg = Debug|Any CPU
		{032E7BD6-1CD1-470E-9093-1EE4655F3275}.Debug|Any CPU.Build.0 = Debug|Any CPU
		{032E7BD6-1CD1-470E-9093-1EE4655F3275}.Debug|x64.ActiveCfg = Debug|Any CPU
		{032E7BD6-1CD1-470E-9093-1EE4655F3275}.Debug|x64.Build.0 = Debug|Any CPU
		{032E7BD6-1CD1-470E-9093-1EE4655F3275}.Debug|x86.ActiveCfg = Debug|Any CPU
		{032E7BD6-1CD1-470E-9093-1EE4655F3275}.Debug|x86.Build.0 = Debug|Any CPU
		{032E7BD6-1CD1-470E-9093-1EE4655F3275}.Release|Any CPU.ActiveCfg = Release|Any CPU
		{032E7BD6-1CD1-470E-9093-1EE4655F3275}.Release|Any CPU.Build.0 = Release|Any CPU
		{032E7BD6-1CD1-470E-9093-1EE4655F3275}.Release|x64.ActiveCfg = Release|Any CPU
		{032E7BD6-1CD1-470E-9093-1EE4655F3275}.Release|x64.Build.0 = Release|Any CPU
		{032E7BD6-1CD1-470E-9093-1EE4655F3275}.Release|x86.ActiveCfg = Release|Any CPU
		{032E7BD6-1CD1-470E-9093-1EE4655F3275}.Release|x86.Build.0 = Release|Any CPU
		{6623E3FF-7A78-4453-A04A-0DFAA5A5D31B}.Debug|Any CPU.ActiveCfg = Debug|Any CPU
		{6623E3FF-7A78-4453-A04A-0DFAA5A5D31B}.Debug|Any CPU.Build.0 = Debug|Any CPU
		{6623E3FF-7A78-4453-A04A-0DFAA5A5D31B}.Debug|x64.ActiveCfg = Debug|Any CPU
		{6623E3FF-7A78-4453-A04A-0DFAA5A5D31B}.Debug|x64.Build.0 = Debug|Any CPU
		{6623E3FF-7A78-4453-A04A-0DFAA5A5D31B}.Debug|x86.ActiveCfg = Debug|Any CPU
		{6623E3FF-7A78-4453-A04A-0DFAA5A5D31B}.Debug|x86.Build.0 = Debug|Any CPU
		{6623E3FF-7A78-4453-A04A-0DFAA5A5D31B}.Release|Any CPU.ActiveCfg = Release|Any CPU
		{6623E3FF-7A78-4453-A04A-0DFAA5A5D31B}.Release|Any CPU.Build.0 = Release|Any CPU
		{6623E3FF-7A78-4453-A04A-0DFAA5A5D31B}.Release|x64.ActiveCfg = Release|Any CPU
		{6623E3FF-7A78-4453-A04A-0DFAA5A5D31B}.Release|x64.Build.0 = Release|Any CPU
		{6623E3FF-7A78-4453-A04A-0DFAA5A5D31B}.Release|x86.ActiveCfg = Release|Any CPU
		{6623E3FF-7A78-4453-A04A-0DFAA5A5D31B}.Release|x86.Build.0 = Release|Any CPU
		{49575805-B14E-4F7C-B894-E277BC585395}.Debug|Any CPU.ActiveCfg = Debug|Any CPU
		{49575805-B14E-4F7C-B894-E277BC585395}.Debug|Any CPU.Build.0 = Debug|Any CPU
		{49575805-B14E-4F7C-B894-E277BC585395}.Debug|x64.ActiveCfg = Debug|Any CPU
		{49575805-B14E-4F7C-B894-E277BC585395}.Debug|x64.Build.0 = Debug|Any CPU
		{49575805-B14E-4F7C-B894-E277BC585395}.Debug|x86.ActiveCfg = Debug|Any CPU
		{49575805-B14E-4F7C-B894-E277BC585395}.Debug|x86.Build.0 = Debug|Any CPU
		{49575805-B14E-4F7C-B894-E277BC585395}.Release|Any CPU.ActiveCfg = Release|Any CPU
		{49575805-B14E-4F7C-B894-E277BC585395}.Release|Any CPU.Build.0 = Release|Any CPU
		{49575805-B14E-4F7C-B894-E277BC585395}.Release|x64.ActiveCfg = Release|Any CPU
		{49575805-B14E-4F7C-B894-E277BC585395}.Release|x64.Build.0 = Release|Any CPU
		{49575805-B14E-4F7C-B894-E277BC585395}.Release|x86.ActiveCfg = Release|Any CPU
		{49575805-B14E-4F7C-B894-E277BC585395}.Release|x86.Build.0 = Release|Any CPU
		{81CC06A7-4D59-422E-9FB3-7255417430A0}.Debug|Any CPU.ActiveCfg = Debug|Any CPU
		{81CC06A7-4D59-422E-9FB3-7255417430A0}.Debug|Any CPU.Build.0 = Debug|Any CPU
		{81CC06A7-4D59-422E-9FB3-7255417430A0}.Debug|x64.ActiveCfg = Debug|Any CPU
		{81CC06A7-4D59-422E-9FB3-7255417430A0}.Debug|x64.Build.0 = Debug|Any CPU
		{81CC06A7-4D59-422E-9FB3-7255417430A0}.Debug|x86.ActiveCfg = Debug|Any CPU
		{81CC06A7-4D59-422E-9FB3-7255417430A0}.Debug|x86.Build.0 = Debug|Any CPU
		{81CC06A7-4D59-422E-9FB3-7255417430A0}.Release|Any CPU.ActiveCfg = Release|Any CPU
		{81CC06A7-4D59-422E-9FB3-7255417430A0}.Release|Any CPU.Build.0 = Release|Any CPU
		{81CC06A7-4D59-422E-9FB3-7255417430A0}.Release|x64.ActiveCfg = Release|Any CPU
		{81CC06A7-4D59-422E-9FB3-7255417430A0}.Release|x64.Build.0 = Release|Any CPU
		{81CC06A7-4D59-422E-9FB3-7255417430A0}.Release|x86.ActiveCfg = Release|Any CPU
		{81CC06A7-4D59-422E-9FB3-7255417430A0}.Release|x86.Build.0 = Release|Any CPU
		{64805A84-A010-4D54-B20A-8F7EC410D75E}.Debug|Any CPU.ActiveCfg = Debug|Any CPU
		{64805A84-A010-4D54-B20A-8F7EC410D75E}.Debug|Any CPU.Build.0 = Debug|Any CPU
		{64805A84-A010-4D54-B20A-8F7EC410D75E}.Debug|x64.ActiveCfg = Debug|Any CPU
		{64805A84-A010-4D54-B20A-8F7EC410D75E}.Debug|x64.Build.0 = Debug|Any CPU
		{64805A84-A010-4D54-B20A-8F7EC410D75E}.Debug|x86.ActiveCfg = Debug|Any CPU
		{64805A84-A010-4D54-B20A-8F7EC410D75E}.Debug|x86.Build.0 = Debug|Any CPU
		{64805A84-A010-4D54-B20A-8F7EC410D75E}.Release|Any CPU.ActiveCfg = Release|Any CPU
		{64805A84-A010-4D54-B20A-8F7EC410D75E}.Release|Any CPU.Build.0 = Release|Any CPU
		{64805A84-A010-4D54-B20A-8F7EC410D75E}.Release|x64.ActiveCfg = Release|Any CPU
		{64805A84-A010-4D54-B20A-8F7EC410D75E}.Release|x64.Build.0 = Release|Any CPU
		{64805A84-A010-4D54-B20A-8F7EC410D75E}.Release|x86.ActiveCfg = Release|Any CPU
		{64805A84-A010-4D54-B20A-8F7EC410D75E}.Release|x86.Build.0 = Release|Any CPU
		{31B5E1E2-7374-4467-99B3-925E04DDBAD5}.Debug|Any CPU.ActiveCfg = Debug|Any CPU
		{31B5E1E2-7374-4467-99B3-925E04DDBAD5}.Debug|Any CPU.Build.0 = Debug|Any CPU
		{31B5E1E2-7374-4467-99B3-925E04DDBAD5}.Debug|x64.ActiveCfg = Debug|Any CPU
		{31B5E1E2-7374-4467-99B3-925E04DDBAD5}.Debug|x64.Build.0 = Debug|Any CPU
		{31B5E1E2-7374-4467-99B3-925E04DDBAD5}.Debug|x86.ActiveCfg = Debug|Any CPU
		{31B5E1E2-7374-4467-99B3-925E04DDBAD5}.Debug|x86.Build.0 = Debug|Any CPU
		{31B5E1E2-7374-4467-99B3-925E04DDBAD5}.Release|Any CPU.ActiveCfg = Release|Any CPU
		{31B5E1E2-7374-4467-99B3-925E04DDBAD5}.Release|Any CPU.Build.0 = Release|Any CPU
		{31B5E1E2-7374-4467-99B3-925E04DDBAD5}.Release|x64.ActiveCfg = Release|Any CPU
		{31B5E1E2-7374-4467-99B3-925E04DDBAD5}.Release|x64.Build.0 = Release|Any CPU
		{31B5E1E2-7374-4467-99B3-925E04DDBAD5}.Release|x86.ActiveCfg = Release|Any CPU
		{31B5E1E2-7374-4467-99B3-925E04DDBAD5}.Release|x86.Build.0 = Release|Any CPU
		{79F55139-6887-4A6D-9892-DFD575BC358F}.Debug|Any CPU.ActiveCfg = Debug|Any CPU
		{79F55139-6887-4A6D-9892-DFD575BC358F}.Debug|Any CPU.Build.0 = Debug|Any CPU
		{79F55139-6887-4A6D-9892-DFD575BC358F}.Debug|x64.ActiveCfg = Debug|Any CPU
		{79F55139-6887-4A6D-9892-DFD575BC358F}.Debug|x64.Build.0 = Debug|Any CPU
		{79F55139-6887-4A6D-9892-DFD575BC358F}.Debug|x86.ActiveCfg = Debug|Any CPU
		{79F55139-6887-4A6D-9892-DFD575BC358F}.Debug|x86.Build.0 = Debug|Any CPU
		{79F55139-6887-4A6D-9892-DFD575BC358F}.Release|Any CPU.ActiveCfg = Release|Any CPU
		{79F55139-6887-4A6D-9892-DFD575BC358F}.Release|Any CPU.Build.0 = Release|Any CPU
		{79F55139-6887-4A6D-9892-DFD575BC358F}.Release|x64.ActiveCfg = Release|Any CPU
		{79F55139-6887-4A6D-9892-DFD575BC358F}.Release|x64.Build.0 = Release|Any CPU
		{79F55139-6887-4A6D-9892-DFD575BC358F}.Release|x86.ActiveCfg = Release|Any CPU
		{79F55139-6887-4A6D-9892-DFD575BC358F}.Release|x86.Build.0 = Release|Any CPU
		{A639FE4A-3915-486E-B153-BCFDC0C6D2AA}.Debug|Any CPU.ActiveCfg = Debug|Any CPU
		{A639FE4A-3915-486E-B153-BCFDC0C6D2AA}.Debug|Any CPU.Build.0 = Debug|Any CPU
		{A639FE4A-3915-486E-B153-BCFDC0C6D2AA}.Debug|x64.ActiveCfg = Debug|Any CPU
		{A639FE4A-3915-486E-B153-BCFDC0C6D2AA}.Debug|x64.Build.0 = Debug|Any CPU
		{A639FE4A-3915-486E-B153-BCFDC0C6D2AA}.Debug|x86.ActiveCfg = Debug|Any CPU
		{A639FE4A-3915-486E-B153-BCFDC0C6D2AA}.Debug|x86.Build.0 = Debug|Any CPU
		{A639FE4A-3915-486E-B153-BCFDC0C6D2AA}.Release|Any CPU.ActiveCfg = Release|Any CPU
		{A639FE4A-3915-486E-B153-BCFDC0C6D2AA}.Release|Any CPU.Build.0 = Release|Any CPU
		{A639FE4A-3915-486E-B153-BCFDC0C6D2AA}.Release|x64.ActiveCfg = Release|Any CPU
		{A639FE4A-3915-486E-B153-BCFDC0C6D2AA}.Release|x64.Build.0 = Release|Any CPU
		{A639FE4A-3915-486E-B153-BCFDC0C6D2AA}.Release|x86.ActiveCfg = Release|Any CPU
		{A639FE4A-3915-486E-B153-BCFDC0C6D2AA}.Release|x86.Build.0 = Release|Any CPU
		{D0D6D11B-F58F-4672-B1D5-56A1454350E8}.Debug|Any CPU.ActiveCfg = Debug|Any CPU
		{D0D6D11B-F58F-4672-B1D5-56A1454350E8}.Debug|Any CPU.Build.0 = Debug|Any CPU
		{D0D6D11B-F58F-4672-B1D5-56A1454350E8}.Debug|x64.ActiveCfg = Debug|Any CPU
		{D0D6D11B-F58F-4672-B1D5-56A1454350E8}.Debug|x64.Build.0 = Debug|Any CPU
		{D0D6D11B-F58F-4672-B1D5-56A1454350E8}.Debug|x86.ActiveCfg = Debug|Any CPU
		{D0D6D11B-F58F-4672-B1D5-56A1454350E8}.Debug|x86.Build.0 = Debug|Any CPU
		{D0D6D11B-F58F-4672-B1D5-56A1454350E8}.Release|Any CPU.ActiveCfg = Release|Any CPU
		{D0D6D11B-F58F-4672-B1D5-56A1454350E8}.Release|Any CPU.Build.0 = Release|Any CPU
		{D0D6D11B-F58F-4672-B1D5-56A1454350E8}.Release|x64.ActiveCfg = Release|Any CPU
		{D0D6D11B-F58F-4672-B1D5-56A1454350E8}.Release|x64.Build.0 = Release|Any CPU
		{D0D6D11B-F58F-4672-B1D5-56A1454350E8}.Release|x86.ActiveCfg = Release|Any CPU
		{D0D6D11B-F58F-4672-B1D5-56A1454350E8}.Release|x86.Build.0 = Release|Any CPU
		{17CFC732-B0FA-4A1C-8D3B-3A08861EA422}.Debug|Any CPU.ActiveCfg = Debug|Any CPU
		{17CFC732-B0FA-4A1C-8D3B-3A08861EA422}.Debug|Any CPU.Build.0 = Debug|Any CPU
		{17CFC732-B0FA-4A1C-8D3B-3A08861EA422}.Debug|x64.ActiveCfg = Debug|Any CPU
		{17CFC732-B0FA-4A1C-8D3B-3A08861EA422}.Debug|x64.Build.0 = Debug|Any CPU
		{17CFC732-B0FA-4A1C-8D3B-3A08861EA422}.Debug|x86.ActiveCfg = Debug|Any CPU
		{17CFC732-B0FA-4A1C-8D3B-3A08861EA422}.Debug|x86.Build.0 = Debug|Any CPU
		{17CFC732-B0FA-4A1C-8D3B-3A08861EA422}.Release|Any CPU.ActiveCfg = Release|Any CPU
		{17CFC732-B0FA-4A1C-8D3B-3A08861EA422}.Release|Any CPU.Build.0 = Release|Any CPU
		{17CFC732-B0FA-4A1C-8D3B-3A08861EA422}.Release|x64.ActiveCfg = Release|Any CPU
		{17CFC732-B0FA-4A1C-8D3B-3A08861EA422}.Release|x64.Build.0 = Release|Any CPU
		{17CFC732-B0FA-4A1C-8D3B-3A08861EA422}.Release|x86.ActiveCfg = Release|Any CPU
		{17CFC732-B0FA-4A1C-8D3B-3A08861EA422}.Release|x86.Build.0 = Release|Any CPU
		{7FF12B08-0F69-4BD0-88BE-74D2EC90F6C1}.Debug|Any CPU.ActiveCfg = Debug|Any CPU
		{7FF12B08-0F69-4BD0-88BE-74D2EC90F6C1}.Debug|Any CPU.Build.0 = Debug|Any CPU
		{7FF12B08-0F69-4BD0-88BE-74D2EC90F6C1}.Debug|x64.ActiveCfg = Debug|Any CPU
		{7FF12B08-0F69-4BD0-88BE-74D2EC90F6C1}.Debug|x64.Build.0 = Debug|Any CPU
		{7FF12B08-0F69-4BD0-88BE-74D2EC90F6C1}.Debug|x86.ActiveCfg = Debug|Any CPU
		{7FF12B08-0F69-4BD0-88BE-74D2EC90F6C1}.Debug|x86.Build.0 = Debug|Any CPU
		{7FF12B08-0F69-4BD0-88BE-74D2EC90F6C1}.Release|Any CPU.ActiveCfg = Release|Any CPU
		{7FF12B08-0F69-4BD0-88BE-74D2EC90F6C1}.Release|Any CPU.Build.0 = Release|Any CPU
		{7FF12B08-0F69-4BD0-88BE-74D2EC90F6C1}.Release|x64.ActiveCfg = Release|Any CPU
		{7FF12B08-0F69-4BD0-88BE-74D2EC90F6C1}.Release|x64.Build.0 = Release|Any CPU
		{7FF12B08-0F69-4BD0-88BE-74D2EC90F6C1}.Release|x86.ActiveCfg = Release|Any CPU
		{7FF12B08-0F69-4BD0-88BE-74D2EC90F6C1}.Release|x86.Build.0 = Release|Any CPU
		{B9EB7A9D-6A3B-4034-B779-F90FB0811BE5}.Debug|Any CPU.ActiveCfg = Debug|Any CPU
		{B9EB7A9D-6A3B-4034-B779-F90FB0811BE5}.Debug|Any CPU.Build.0 = Debug|Any CPU
		{B9EB7A9D-6A3B-4034-B779-F90FB0811BE5}.Debug|x64.ActiveCfg = Debug|Any CPU
		{B9EB7A9D-6A3B-4034-B779-F90FB0811BE5}.Debug|x64.Build.0 = Debug|Any CPU
		{B9EB7A9D-6A3B-4034-B779-F90FB0811BE5}.Debug|x86.ActiveCfg = Debug|Any CPU
		{B9EB7A9D-6A3B-4034-B779-F90FB0811BE5}.Debug|x86.Build.0 = Debug|Any CPU
		{B9EB7A9D-6A3B-4034-B779-F90FB0811BE5}.Release|Any CPU.ActiveCfg = Release|Any CPU
		{B9EB7A9D-6A3B-4034-B779-F90FB0811BE5}.Release|Any CPU.Build.0 = Release|Any CPU
		{B9EB7A9D-6A3B-4034-B779-F90FB0811BE5}.Release|x64.ActiveCfg = Release|Any CPU
		{B9EB7A9D-6A3B-4034-B779-F90FB0811BE5}.Release|x64.Build.0 = Release|Any CPU
		{B9EB7A9D-6A3B-4034-B779-F90FB0811BE5}.Release|x86.ActiveCfg = Release|Any CPU
		{B9EB7A9D-6A3B-4034-B779-F90FB0811BE5}.Release|x86.Build.0 = Release|Any CPU
		{A6BBABEA-905F-4CA7-A8ED-BFF02DFD9919}.Debug|Any CPU.ActiveCfg = Debug|Any CPU
		{A6BBABEA-905F-4CA7-A8ED-BFF02DFD9919}.Debug|Any CPU.Build.0 = Debug|Any CPU
		{A6BBABEA-905F-4CA7-A8ED-BFF02DFD9919}.Debug|x64.ActiveCfg = Debug|Any CPU
		{A6BBABEA-905F-4CA7-A8ED-BFF02DFD9919}.Debug|x64.Build.0 = Debug|Any CPU
		{A6BBABEA-905F-4CA7-A8ED-BFF02DFD9919}.Debug|x86.ActiveCfg = Debug|Any CPU
		{A6BBABEA-905F-4CA7-A8ED-BFF02DFD9919}.Debug|x86.Build.0 = Debug|Any CPU
		{A6BBABEA-905F-4CA7-A8ED-BFF02DFD9919}.Release|Any CPU.ActiveCfg = Release|Any CPU
		{A6BBABEA-905F-4CA7-A8ED-BFF02DFD9919}.Release|Any CPU.Build.0 = Release|Any CPU
		{A6BBABEA-905F-4CA7-A8ED-BFF02DFD9919}.Release|x64.ActiveCfg = Release|Any CPU
		{A6BBABEA-905F-4CA7-A8ED-BFF02DFD9919}.Release|x64.Build.0 = Release|Any CPU
		{A6BBABEA-905F-4CA7-A8ED-BFF02DFD9919}.Release|x86.ActiveCfg = Release|Any CPU
		{A6BBABEA-905F-4CA7-A8ED-BFF02DFD9919}.Release|x86.Build.0 = Release|Any CPU
		{39A5C81A-D7F4-4BE3-8651-5FEF693DE09B}.Debug|Any CPU.ActiveCfg = Debug|Any CPU
		{39A5C81A-D7F4-4BE3-8651-5FEF693DE09B}.Debug|Any CPU.Build.0 = Debug|Any CPU
		{39A5C81A-D7F4-4BE3-8651-5FEF693DE09B}.Debug|x64.ActiveCfg = Debug|Any CPU
		{39A5C81A-D7F4-4BE3-8651-5FEF693DE09B}.Debug|x64.Build.0 = Debug|Any CPU
		{39A5C81A-D7F4-4BE3-8651-5FEF693DE09B}.Debug|x86.ActiveCfg = Debug|Any CPU
		{39A5C81A-D7F4-4BE3-8651-5FEF693DE09B}.Debug|x86.Build.0 = Debug|Any CPU
		{39A5C81A-D7F4-4BE3-8651-5FEF693DE09B}.Release|Any CPU.ActiveCfg = Release|Any CPU
		{39A5C81A-D7F4-4BE3-8651-5FEF693DE09B}.Release|Any CPU.Build.0 = Release|Any CPU
		{39A5C81A-D7F4-4BE3-8651-5FEF693DE09B}.Release|x64.ActiveCfg = Release|Any CPU
		{39A5C81A-D7F4-4BE3-8651-5FEF693DE09B}.Release|x64.Build.0 = Release|Any CPU
		{39A5C81A-D7F4-4BE3-8651-5FEF693DE09B}.Release|x86.ActiveCfg = Release|Any CPU
		{39A5C81A-D7F4-4BE3-8651-5FEF693DE09B}.Release|x86.Build.0 = Release|Any CPU
		{25FDFE34-3943-4FB5-B4CF-EAB2B1E22357}.Debug|Any CPU.ActiveCfg = Debug|Any CPU
		{25FDFE34-3943-4FB5-B4CF-EAB2B1E22357}.Debug|Any CPU.Build.0 = Debug|Any CPU
		{25FDFE34-3943-4FB5-B4CF-EAB2B1E22357}.Debug|x64.ActiveCfg = Debug|Any CPU
		{25FDFE34-3943-4FB5-B4CF-EAB2B1E22357}.Debug|x64.Build.0 = Debug|Any CPU
		{25FDFE34-3943-4FB5-B4CF-EAB2B1E22357}.Debug|x86.ActiveCfg = Debug|Any CPU
		{25FDFE34-3943-4FB5-B4CF-EAB2B1E22357}.Debug|x86.Build.0 = Debug|Any CPU
		{25FDFE34-3943-4FB5-B4CF-EAB2B1E22357}.Release|Any CPU.ActiveCfg = Release|Any CPU
		{25FDFE34-3943-4FB5-B4CF-EAB2B1E22357}.Release|Any CPU.Build.0 = Release|Any CPU
		{25FDFE34-3943-4FB5-B4CF-EAB2B1E22357}.Release|x64.ActiveCfg = Release|Any CPU
		{25FDFE34-3943-4FB5-B4CF-EAB2B1E22357}.Release|x64.Build.0 = Release|Any CPU
		{25FDFE34-3943-4FB5-B4CF-EAB2B1E22357}.Release|x86.ActiveCfg = Release|Any CPU
		{25FDFE34-3943-4FB5-B4CF-EAB2B1E22357}.Release|x86.Build.0 = Release|Any CPU
	EndGlobalSection
	GlobalSection(NestedProjects) = preSolution
		{6677865F-C349-4D25-9E19-3DEC43E92DD5} = {109B331E-71B9-483C-8FC1-13B10C92A7F1}
		{929B5297-A499-471F-AD89-8F05F4BC17D8} = {109B331E-71B9-483C-8FC1-13B10C92A7F1}
		{182EA72D-3C6C-46BC-A0A5-B49AF1872371} = {109B331E-71B9-483C-8FC1-13B10C92A7F1}
		{EA33F564-37C3-4105-BAD7-0132BDE5F27B} = {109B331E-71B9-483C-8FC1-13B10C92A7F1}
		{35A9EDBA-21DC-49A8-8E6A-A8B677D14774} = {109B331E-71B9-483C-8FC1-13B10C92A7F1}
		{8AE062A5-E972-4721-9660-05B6F56F5AD0} = {109B331E-71B9-483C-8FC1-13B10C92A7F1}
		{838E37E9-9D76-4930-9DF9-4B49E8BE468F} = {109B331E-71B9-483C-8FC1-13B10C92A7F1}
		{898A4454-825C-4D91-A595-242030F52E01} = {109B331E-71B9-483C-8FC1-13B10C92A7F1}
		{A0BEB0FD-0ED4-4259-A890-6F66214DAB8B} = {109B331E-71B9-483C-8FC1-13B10C92A7F1}
		{52B78812-1CDD-4999-83BA-51B549A0A64F} = {109B331E-71B9-483C-8FC1-13B10C92A7F1}
		{862B2125-DD75-47E0-B06D-A59FB27BD157} = {109B331E-71B9-483C-8FC1-13B10C92A7F1}
		{37A32723-6EED-4AD0-8648-C2E6D5AEBBE5} = {109B331E-71B9-483C-8FC1-13B10C92A7F1}
		{551CE0B9-41A1-4086-A83E-55F0572DD006} = {109B331E-71B9-483C-8FC1-13B10C92A7F1}
		{904F4876-3F07-4852-AEE6-3E6735BCAF4A} = {109B331E-71B9-483C-8FC1-13B10C92A7F1}
		{2C6B2F01-27A5-471A-AC75-7402EF1564BE} = {109B331E-71B9-483C-8FC1-13B10C92A7F1}
		{0CA239FF-3A6F-4C39-9A1A-A573E61A9A63} = {109B331E-71B9-483C-8FC1-13B10C92A7F1}
		{ADF152D4-C7A5-4FA6-B0C6-70B3EAE26D86} = {109B331E-71B9-483C-8FC1-13B10C92A7F1}
		{8BF2E6AE-A76B-4A62-9D22-9A8DCD00F378} = {109B331E-71B9-483C-8FC1-13B10C92A7F1}
		{61EE14D9-CAED-4E3F-AFA3-96359BD3359D} = {109B331E-71B9-483C-8FC1-13B10C92A7F1}
		{75573598-C340-42C7-9810-991CE656133E} = {109B331E-71B9-483C-8FC1-13B10C92A7F1}
		{F0B7F3CD-7239-454B-909F-02CC505A5F3E} = {109B331E-71B9-483C-8FC1-13B10C92A7F1}
		{DE9C27BE-1A07-4EFC-90E2-55F8DC12AC74} = {109B331E-71B9-483C-8FC1-13B10C92A7F1}
		{032E7BD6-1CD1-470E-9093-1EE4655F3275} = {109B331E-71B9-483C-8FC1-13B10C92A7F1}
		{6623E3FF-7A78-4453-A04A-0DFAA5A5D31B} = {109B331E-71B9-483C-8FC1-13B10C92A7F1}
		{49575805-B14E-4F7C-B894-E277BC585395} = {109B331E-71B9-483C-8FC1-13B10C92A7F1}
		{81CC06A7-4D59-422E-9FB3-7255417430A0} = {109B331E-71B9-483C-8FC1-13B10C92A7F1}
		{64805A84-A010-4D54-B20A-8F7EC410D75E} = {109B331E-71B9-483C-8FC1-13B10C92A7F1}
		{31B5E1E2-7374-4467-99B3-925E04DDBAD5} = {109B331E-71B9-483C-8FC1-13B10C92A7F1}
		{79F55139-6887-4A6D-9892-DFD575BC358F} = {109B331E-71B9-483C-8FC1-13B10C92A7F1}
		{A639FE4A-3915-486E-B153-BCFDC0C6D2AA} = {109B331E-71B9-483C-8FC1-13B10C92A7F1}
		{D0D6D11B-F58F-4672-B1D5-56A1454350E8} = {109B331E-71B9-483C-8FC1-13B10C92A7F1}
		{17CFC732-B0FA-4A1C-8D3B-3A08861EA422} = {109B331E-71B9-483C-8FC1-13B10C92A7F1}
		{7FF12B08-0F69-4BD0-88BE-74D2EC90F6C1} = {10C46F0D-1B13-447E-AD22-F01DDB5A79FD}
		{B9EB7A9D-6A3B-4034-B779-F90FB0811BE5} = {109B331E-71B9-483C-8FC1-13B10C92A7F1}
		{A6BBABEA-905F-4CA7-A8ED-BFF02DFD9919} = {10C46F0D-1B13-447E-AD22-F01DDB5A79FD}
		{39A5C81A-D7F4-4BE3-8651-5FEF693DE09B} = {10C46F0D-1B13-447E-AD22-F01DDB5A79FD}
		{25FDFE34-3943-4FB5-B4CF-EAB2B1E22357} = {10C46F0D-1B13-447E-AD22-F01DDB5A79FD}
	EndGlobalSection
EndGlobal
