{
  "version": 1,
  "dependencies": {
    ".NETStandard,Version=v2.1": {
      "Microsoft.Extensions.Caching.Abstractions": {
        "type": "Direct",
        "requested": "[3.1.6, )",
        "resolved": "3.1.6",
        "contentHash": "kWeicPkk3/9pISki/e08TijBeKYfcEWyoEummcuvYWmTp2UZbke34owzBF8m+nzWZvIV4puIfbUAEm6eOOJypA==",
        "dependencies": {
          "Microsoft.Extensions.Primitives": "3.1.6"
        }
      },
      "Microsoft.Extensions.Logging": {
        "type": "Direct",
        "requested": "[3.1.6, )",
        "resolved": "3.1.6",
        "contentHash": "qZH7iTdJn+kS/DWzQgQWMGMHBv+SqzuJB14G9tKAR2w3b6Wzn4ClAK3LGsc2l/cwBW3At1OJT/jBAal4Qm5Rjw==",
        "dependencies": {
          "Microsoft.Extensions.Configuration.Binder": "3.1.6",
          "Microsoft.Extensions.DependencyInjection": "3.1.6",
          "Microsoft.Extensions.Logging.Abstractions": "3.1.6",
          "Microsoft.Extensions.Options": "3.1.6"
        }
      },
      "Microsoft.Extensions.Configuration": {
        "type": "Transitive",
        "resolved": "3.1.6",
        "contentHash": "gphCAywKC+ye1XdL+8Nv2Pd5b1Fn2yx7DekB4GQPCKaPyK94T9Tb+Sfk/iNdaDKtDl4vwidMI0w2AnoXtvofsw==",
        "dependencies": {
          "Microsoft.Extensions.Configuration.Abstractions": "3.1.6"
        }
      },
      "Microsoft.Extensions.Configuration.Abstractions": {
        "type": "Transitive",
        "resolved": "3.1.6",
        "contentHash": "Z7QAA7XFvYuGZCKsfzetdIq0Vj1ngiIzCBBqerlQMhewx1ZFLXHuvKx9xAIWeZqhuQv69VmFs3vO0Af9FDAa9Q==",
        "dependencies": {
          "Microsoft.Extensions.Primitives": "3.1.6"
        }
      },
      "Microsoft.Extensions.Configuration.Binder": {
        "type": "Transitive",
        "resolved": "3.1.6",
        "contentHash": "ZEEuo0TEQE+a/+l4EB/KdsjVt9bIee37c74C7Q+lLiP6WiPuBytP4EmxPYwrTB/oQX8sm9W3KvVGE5WW6oaNPg==",
        "dependencies": {
          "Microsoft.Extensions.Configuration": "3.1.6"
        }
      },
      "Microsoft.Extensions.DependencyInjection": {
        "type": "Transitive",
        "resolved": "3.1.6",
        "contentHash": "YMJWflBmBc0PbqYvt3m4ueSCgV51JLfqHhyunoVq0rBs9V4sVQw5JsPTB17bIrlHFJs2pt2olgfavOOvuGwoRg==",
        "dependencies": {
          "Microsoft.Extensions.DependencyInjection.Abstractions": "3.1.6"
        }
      },
      "Microsoft.Extensions.DependencyInjection.Abstractions": {
        "type": "Transitive",
        "resolved": "3.1.6",
        "contentHash": "JVlypPjlPqOEyAhET6pA7TqrK+Ya8TrYe2vvqsp62TYKS87oNuReoS7XpDFW0rrOsQo66G1yYf3K0E+lJHFHuw=="
      },
      "Microsoft.Extensions.Logging.Abstractions": {
        "type": "Transitive",
        "resolved": "3.1.6",
        "contentHash": "o2XYIjF9UugupEPvFsc9N8SjevixoRznS0V6EtjUZcGV4EjXXWKUXlKKsIWmD3i4dSiGo82aNcyqfQTsF/8h8g=="
      },
      "Microsoft.Extensions.Options": {
        "type": "Transitive",
        "resolved": "3.1.6",
        "contentHash": "6nBkdL9UxCfA8eDuFBZVYAYpJhux0a6R7y58KcYnqKEYF84X9cK1uJQ9a+VWEWGXujMa4fnCGoVdKNYhANqbZg==",
        "dependencies": {
          "Microsoft.Extensions.DependencyInjection.Abstractions": "3.1.6",
          "Microsoft.Extensions.Primitives": "3.1.6",
          "System.ComponentModel.Annotations": "4.7.0"
        }
      },
      "Microsoft.Extensions.Primitives": {
        "type": "Transitive",
        "resolved": "3.1.6",
        "contentHash": "X+h3tO383iMbtFxYp6Al4pgBzbfQKJY8/gd4U7+sZy90XeSfnw5SwHyCiRrAePG6kee4zCGsvQHPCqaTZ876hw==",
        "dependencies": {
          "System.Memory": "4.5.2",
          "System.Runtime.CompilerServices.Unsafe": "4.7.1"
        }
      },
      "System.Buffers": {
        "type": "Transitive",
        "resolved": "4.4.0",
        "contentHash": "AwarXzzoDwX6BgrhjoJsk6tUezZEozOT5Y9QKF94Gl4JK91I4PIIBkBco9068Y9/Dra8Dkbie99kXB8+1BaYKw=="
      },
      "System.ComponentModel.Annotations": {
        "type": "Transitive",
        "resolved": "4.7.0",
        "contentHash": "0YFqjhp/mYkDGpU0Ye1GjE53HMp9UVfGN7seGpAMttAC0C40v5gw598jCgpbBLMmCo0E5YRLBv5Z2doypO49ZQ=="
      },
      "System.Memory": {
        "type": "Transitive",
        "resolved": "4.5.2",
        "contentHash": "fvq1GNmUFwbKv+aLVYYdgu/+gc8Nu9oFujOxIjPrsf+meis9JBzTPDL6aP/eeGOz9yPj6rRLUbOjKMpsMEWpNg==",
        "dependencies": {
          "System.Buffers": "4.4.0",
          "System.Numerics.Vectors": "4.4.0",
          "System.Runtime.CompilerServices.Unsafe": "4.5.2"
        }
      },
      "System.Numerics.Vectors": {
        "type": "Transitive",
        "resolved": "4.4.0",
        "contentHash": "UiLzLW+Lw6HLed1Hcg+8jSRttrbuXv7DANVj0DkL9g6EnnzbL75EB7EWsw5uRbhxd/4YdG8li5XizGWepmG3PQ=="
      },
      "System.Runtime.CompilerServices.Unsafe": {
        "type": "Transitive",
        "resolved": "4.7.1",
        "contentHash": "zOHkQmzPCn5zm/BH+cxC1XbUS3P4Yoi3xzW7eRgVpDR2tPGSzyMZ17Ig1iRkfJuY0nhxkQQde8pgePNiA7z7TQ=="
      }
    }
  }
}