{
  "version": 1,
  "dependencies": {
    ".NETStandard,Version=v2.1": {
      "Microsoft.Extensions.Caching.Abstractions": {
        "type": "Direct",
        "requested": "[3.1.3, )",
        "resolved": "3.1.3",
        "contentHash": "jWyuPd4HqWT0rEjoCnG/7OB/KcYbIBa0z7TS6eWytTwrbjT2/pnp+LUYUZAqc9ppSZFf2u2gFYQ7RFS3UU+vEw==",
        "dependencies": {
          "Microsoft.Extensions.Primitives": "3.1.3"
        }
      },
      "Microsoft.Extensions.Logging": {
        "type": "Direct",
        "requested": "[3.1.3, )",
        "resolved": "3.1.3",
        "contentHash": "mAuOMhgB73dgVYeJzrksGU6BUBr7vIruFJyxssYK1nmDS+ude0kShILrXPq2iGHOvYNacczW4VSa6zcssUh4iQ==",
        "dependencies": {
          "Microsoft.Extensions.Configuration.Binder": "3.1.3",
          "Microsoft.Extensions.DependencyInjection": "3.1.3",
          "Microsoft.Extensions.Logging.Abstractions": "3.1.3",
          "Microsoft.Extensions.Options": "3.1.3"
        }
      },
      "Microsoft.Extensions.Configuration": {
        "type": "Transitive",
        "resolved": "3.1.3",
        "contentHash": "nTr4JgTSJScDBD3lahIh1jUBH8A43oG1cqID1qLoHSZhtegslpIyTYxmnehtUKi6xdY5j9R0oWeeGEP+JTcmAg==",
        "dependencies": {
          "Microsoft.Extensions.Configuration.Abstractions": "3.1.3"
        }
      },
      "Microsoft.Extensions.Configuration.Abstractions": {
        "type": "Transitive",
        "resolved": "3.1.3",
        "contentHash": "d3vpIJdw+hRtkW1WoNTXhCczakVVId30Tj58li5GbJxz6MVGi8gy4+7JdLBb/wuHFd4+25cZe+Z0WPi207rBbQ==",
        "dependencies": {
          "Microsoft.Extensions.Primitives": "3.1.3"
        }
      },
      "Microsoft.Extensions.Configuration.Binder": {
        "type": "Transitive",
        "resolved": "3.1.3",
        "contentHash": "GouLlU6JOffNNudJpC+eGtGMe9o5ds2oH9dsJUEH1QS13eLl60eNX9rHicaE40c252e7Aixn3sS7yregDfpQ8g==",
        "dependencies": {
          "Microsoft.Extensions.Configuration": "3.1.3"
        }
      },
      "Microsoft.Extensions.DependencyInjection": {
        "type": "Transitive",
        "resolved": "3.1.3",
        "contentHash": "H/d/jt4Pdp2iYx28shLkxfgQpk9S7cCCTEjtS/61PbZcFAT/mc4cemmOlBdED7+CqmEAIDg8X4Fo0KtADaNizg==",
        "dependencies": {
          "Microsoft.Extensions.DependencyInjection.Abstractions": "3.1.3"
        }
      },
      "Microsoft.Extensions.DependencyInjection.Abstractions": {
        "type": "Transitive",
        "resolved": "3.1.3",
        "contentHash": "woeS5XeBChU76EmtFCwGHKgBfsYIn76u3myDq4zNY2ZrcwzBMNEViK2FRgXDgF11PBNbGdKCXsWFFZDtqPW0nQ=="
      },
      "Microsoft.Extensions.Logging.Abstractions": {
        "type": "Transitive",
        "resolved": "3.1.3",
        "contentHash": "j6r0E+OVinD4s13CIZASYJLLLApStb1yh5Vig7moB2FE1UsMRj4TYJ/xioDjreVA0dyOFpbWny1/n2iSJMbmNg=="
      },
      "Microsoft.Extensions.Options": {
        "type": "Transitive",
        "resolved": "3.1.3",
        "contentHash": "RyOSOg/kHW3AXojWGSdOs3BXJJnE9Sc6RVvP4LhnY5oaC2Da4k8CWfIw7I+QThxV8HTCPjzmON9c+QO+JZggNg==",
        "dependencies": {
          "Microsoft.Extensions.DependencyInjection.Abstractions": "3.1.3",
          "Microsoft.Extensions.Primitives": "3.1.3",
          "System.ComponentModel.Annotations": "4.7.0"
        }
      },
      "Microsoft.Extensions.Primitives": {
        "type": "Transitive",
        "resolved": "3.1.3",
        "contentHash": "5gK6qeq9CBCHBfB3Tim3jCJTLafT9FXFBAZZq39rC8adz8mxcjVAuQSw3jGgHqoRk0jwtXKFhXJUVur8vfeuFg==",
        "dependencies": {
          "System.Memory": "4.5.2",
          "System.Runtime.CompilerServices.Unsafe": "4.7.1"
        }
      },
      "System.Buffers": {
        "type": "Transitive",
        "resolved": "4.4.0",
        "contentHash": "AwarXzzoDwX6BgrhjoJsk6tUezZEozOT5Y9QKF94Gl4JK91I4PIIBkBco9068Y9/Dra8Dkbie99kXB8+1BaYKw=="
      },
      "System.ComponentModel.Annotations": {
        "type": "Transitive",
        "resolved": "4.7.0",
        "contentHash": "0YFqjhp/mYkDGpU0Ye1GjE53HMp9UVfGN7seGpAMttAC0C40v5gw598jCgpbBLMmCo0E5YRLBv5Z2doypO49ZQ=="
      },
      "System.Memory": {
        "type": "Transitive",
        "resolved": "4.5.2",
        "contentHash": "fvq1GNmUFwbKv+aLVYYdgu/+gc8Nu9oFujOxIjPrsf+meis9JBzTPDL6aP/eeGOz9yPj6rRLUbOjKMpsMEWpNg==",
        "dependencies": {
          "System.Buffers": "4.4.0",
          "System.Numerics.Vectors": "4.4.0",
          "System.Runtime.CompilerServices.Unsafe": "4.5.2"
        }
      },
      "System.Numerics.Vectors": {
        "type": "Transitive",
        "resolved": "4.4.0",
        "contentHash": "UiLzLW+Lw6HLed1Hcg+8jSRttrbuXv7DANVj0DkL9g6EnnzbL75EB7EWsw5uRbhxd/4YdG8li5XizGWepmG3PQ=="
      },
      "System.Runtime.CompilerServices.Unsafe": {
        "type": "Transitive",
        "resolved": "4.7.1",
        "contentHash": "zOHkQmzPCn5zm/BH+cxC1XbUS3P4Yoi3xzW7eRgVpDR2tPGSzyMZ17Ig1iRkfJuY0nhxkQQde8pgePNiA7z7TQ=="
      }
    }
  }
}