{
  "version": 1,
  "dependencies": {
    ".NETStandard,Version=v2.1": {
      "Microsoft.Extensions.Caching.Abstractions": {
        "type": "Direct",
        "requested": "[3.1.2, )",
        "resolved": "3.1.2",
        "contentHash": "UfMC7L+8ha05PUAfVpmMS0kb7C1BoOrWxN70706D50qWohXLYgkUsu22oS7zkd9amCPTCmhRm2z/LisN8SESgg==",
        "dependencies": {
          "Microsoft.Extensions.Primitives": "3.1.2"
        }
      },
      "Microsoft.Extensions.Logging": {
        "type": "Direct",
        "requested": "[3.1.2, )",
        "resolved": "3.1.2",
        "contentHash": "AIIRgKamzEqJNLZsHd37VogFX9YpxgrBmf/b3dznD7S0qjxWQnAs498ulLV1n6AKJ8XVjTCBNzsvQiSwCa7dIw==",
        "dependencies": {
          "Microsoft.Extensions.Configuration.Binder": "3.1.2",
          "Microsoft.Extensions.DependencyInjection": "3.1.2",
          "Microsoft.Extensions.Logging.Abstractions": "3.1.2",
          "Microsoft.Extensions.Options": "3.1.2"
        }
      },
      "Microsoft.Extensions.Configuration": {
        "type": "Transitive",
        "resolved": "3.1.2",
        "contentHash": "BxwRSBab309SYMCDCFyB6eSc7FnX5m9kOJQHw2IQIyb5PEtpfslhscTw63Gwhl3dPnaM1VGFXIyI0BVgpiLgOw==",
        "dependencies": {
          "Microsoft.Extensions.Configuration.Abstractions": "3.1.2"
        }
      },
      "Microsoft.Extensions.Configuration.Abstractions": {
        "type": "Transitive",
        "resolved": "3.1.2",
        "contentHash": "xmfdVdazTslWJ8od7uNS9QSPqn1wBC84RLprPrFS20EdAqd3lV0g0IZAitYbCiiICpjktnhzbUb85aLHNZ3RQw==",
        "dependencies": {
          "Microsoft.Extensions.Primitives": "3.1.2"
        }
      },
      "Microsoft.Extensions.Configuration.Binder": {
        "type": "Transitive",
        "resolved": "3.1.2",
        "contentHash": "IWrc9/voGki2pc5g8bRXIqs+P50tXOjNf47qgFKSu/pL50InRuXxh/nj5AG9Po8YRpvT/bYIUk3XQqHH7yUg5w==",
        "dependencies": {
          "Microsoft.Extensions.Configuration": "3.1.2"
        }
      },
      "Microsoft.Extensions.DependencyInjection": {
        "type": "Transitive",
        "resolved": "3.1.2",
        "contentHash": "e+F6/wjQPOFHB/sGWTAqC8FX/C6+JZWWLpryXTAQYIS3tr+17lByADdP9Y6RtxfJ4kW/IPrU6RuxTNZNdAQz1A==",
        "dependencies": {
          "Microsoft.Extensions.DependencyInjection.Abstractions": "3.1.2"
        }
      },
      "Microsoft.Extensions.DependencyInjection.Abstractions": {
        "type": "Transitive",
        "resolved": "3.1.2",
        "contentHash": "/CZzCSCIm/3FFoXHfUpsfov/Elo268dcvlz/MMINT0vPgphqg2pAgdEn/EjCDyoAT3NAmsRmjfGwBumC1uYJtA=="
      },
      "Microsoft.Extensions.Logging.Abstractions": {
        "type": "Transitive",
        "resolved": "3.1.2",
        "contentHash": "cIXPw7VVX3fON4uuHwJFmCi0qDl8uY75xZMKB2oM3In0ZDEB1Ee+p9Ti1DSw92AwRtJ2Zh+QG1joTBednJMzvA=="
      },
      "Microsoft.Extensions.Options": {
        "type": "Transitive",
        "resolved": "3.1.2",
        "contentHash": "6F4anwt9yMlnQckac2etjrasRFyqZNIp46p+i9qVps0DXNsOLZIKRkqq4AY4FlxXxKeGkEJC7M77RQEkvd3p8Q==",
        "dependencies": {
          "Microsoft.Extensions.DependencyInjection.Abstractions": "3.1.2",
          "Microsoft.Extensions.Primitives": "3.1.2",
          "System.ComponentModel.Annotations": "4.7.0"
        }
      },
      "Microsoft.Extensions.Primitives": {
        "type": "Transitive",
        "resolved": "3.1.2",
        "contentHash": "WGtoFWY9yc9HGMG6ObDNQPz9dBP+xz/GqFe2dKjdE/cSdXFEKxCFTyYCzL/e8kxVkc/Bq9qjOsXRWydvn0g9Uw==",
        "dependencies": {
          "System.Memory": "4.5.2",
          "System.Runtime.CompilerServices.Unsafe": "4.7.0"
        }
      },
      "System.Buffers": {
        "type": "Transitive",
        "resolved": "4.4.0",
        "contentHash": "AwarXzzoDwX6BgrhjoJsk6tUezZEozOT5Y9QKF94Gl4JK91I4PIIBkBco9068Y9/Dra8Dkbie99kXB8+1BaYKw=="
      },
      "System.ComponentModel.Annotations": {
        "type": "Transitive",
        "resolved": "4.7.0",
        "contentHash": "0YFqjhp/mYkDGpU0Ye1GjE53HMp9UVfGN7seGpAMttAC0C40v5gw598jCgpbBLMmCo0E5YRLBv5Z2doypO49ZQ=="
      },
      "System.Memory": {
        "type": "Transitive",
        "resolved": "4.5.2",
        "contentHash": "fvq1GNmUFwbKv+aLVYYdgu/+gc8Nu9oFujOxIjPrsf+meis9JBzTPDL6aP/eeGOz9yPj6rRLUbOjKMpsMEWpNg==",
        "dependencies": {
          "System.Buffers": "4.4.0",
          "System.Numerics.Vectors": "4.4.0",
          "System.Runtime.CompilerServices.Unsafe": "4.5.2"
        }
      },
      "System.Numerics.Vectors": {
        "type": "Transitive",
        "resolved": "4.4.0",
        "contentHash": "UiLzLW+Lw6HLed1Hcg+8jSRttrbuXv7DANVj0DkL9g6EnnzbL75EB7EWsw5uRbhxd/4YdG8li5XizGWepmG3PQ=="
      },
      "System.Runtime.CompilerServices.Unsafe": {
        "type": "Transitive",
        "resolved": "4.7.0",
        "contentHash": "IpU1lcHz8/09yDr9N+Juc7SCgNUz+RohkCQI+KsWKR67XxpFr8Z6c8t1iENCXZuRuNCc4HBwme/MDHNVCwyAKg=="
      }
    }
  }
}