{
  "version": 1,
  "dependencies": {
    ".NETStandard,Version=v2.1": {
      "Flurl": {
        "type": "Transitive",
        "resolved": "2.8.2",
        "contentHash": "3VEYAqkGTGHgla4xuyEB4d8XGLeMX2k05C4WfI7YmKQHsL7RhoGu3L6h1xsKKTPFWjEL13p09XOIGwD1pQ86dg=="
      },
      "Flurl.Http": {
        "type": "Transitive",
        "resolved": "2.4.2",
        "contentHash": "VfSJ0DKzh6kf2IOZGG1/JpHajhtqzGp1t+M1QSyFGse7c4Gg1DpH80LTveYea2hV1BEtvPPEp6A4iZ78D8bxGQ==",
        "dependencies": {
          "Flurl": "2.8.2",
          "Newtonsoft.Json": "12.0.2",
          "System.Text.Encoding.CodePages": "4.5.1"
        }
      },
      "JetBrains.Annotations": {
        "type": "Transitive",
        "resolved": "2020.1.0",
        "contentHash": "kD9D2ey3DGeLbfIzS8PkwLFkcF5vCOLk2rdjgfSxTfpoyovl7gAyoS6yq6T77zo9QgJGaVJ7PO/cSgLopnKlzg=="
      },
      "Microsoft.Bcl.AsyncInterfaces": {
        "type": "Transitive",
        "resolved": "1.1.1",
        "contentHash": "yuvf07qFWFqtK3P/MRkEKLhn5r2UbSpVueRziSqj0yJQIKFwG1pq9mOayK3zE5qZCTs0CbrwL9M6R8VwqyGy2w==",
        "dependencies": {
          "System.Threading.Tasks.Extensions": "4.5.4"
        }
      },
      "Microsoft.DotNet.PlatformAbstractions": {
        "type": "Transitive",
        "resolved": "2.1.0",
        "contentHash": "9KPDwvb/hLEVXYruVHVZ8BkebC8j17DmPb56LnqRF74HqSPLjCkrlFUjOtFpQPA2DeADBRTI/e69aCfRBfrhxw==",
        "dependencies": {
          "System.AppContext": "4.1.0",
          "System.Collections": "4.0.11",
          "System.IO": "4.1.0",
          "System.IO.FileSystem": "4.0.1",
          "System.Reflection.TypeExtensions": "4.1.0",
          "System.Runtime.Extensions": "4.1.0",
          "System.Runtime.InteropServices": "4.1.0",
          "System.Runtime.InteropServices.RuntimeInformation": "4.0.0"
        }
      },
      "Microsoft.Extensions.Configuration": {
        "type": "Transitive",
        "resolved": "3.1.4",
        "contentHash": "+NsYvQ00h+9kSp4/60iCAhPUp9S6joS2rsEmfCVrUmVATCveTewcHdrMB+9pJDYkWzCEqPQoJuMfsxe/299Z0w==",
        "dependencies": {
          "Microsoft.Extensions.Configuration.Abstractions": "3.1.4"
        }
      },
      "Microsoft.Extensions.Configuration.Abstractions": {
        "type": "Transitive",
        "resolved": "3.1.4",
        "contentHash": "k7IJME4US5S5JFOGYaei5TLwutp8IqUvcBWtliKXETGn/JScmCgfej21xq5+ttxi0qZhiyJY06y9dw+cLh3kiQ==",
        "dependencies": {
          "Microsoft.Extensions.Primitives": "3.1.4"
        }
      },
      "Microsoft.Extensions.Configuration.Binder": {
        "type": "Transitive",
        "resolved": "3.1.4",
        "contentHash": "rN0FlUcOmHpGX1BFGZbtTgsXWwHO9pRTocynckXpqCvcMzqehS36aN+lfIlG3PriFulHF2kzwNVfhBakc072iw==",
        "dependencies": {
          "Microsoft.Extensions.Configuration": "3.1.4"
        }
      },
      "Microsoft.Extensions.Configuration.CommandLine": {
        "type": "Transitive",
        "resolved": "3.1.4",
        "contentHash": "0ybafQPw4p571Kfhm6XpwLwnLcSmRDWWOanySSrZIBtmTDtEsO0idyZF3ZIILOWBCyIX+wQ8ttLMLxRJqVUlXQ==",
        "dependencies": {
          "Microsoft.Extensions.Configuration": "3.1.4"
        }
      },
      "Microsoft.Extensions.Configuration.EnvironmentVariables": {
        "type": "Transitive",
        "resolved": "3.1.4",
        "contentHash": "hA9lDxkgeQSpsi0PWgRb0iX0FCuX1o+/sF36mfkSJORg1GROjrda9IzWbZeUsYyGUr6sCmK6Qge8cJEhcmlIsA==",
        "dependencies": {
          "Microsoft.Extensions.Configuration": "3.1.4"
        }
      },
      "Microsoft.Extensions.Configuration.FileExtensions": {
        "type": "Transitive",
        "resolved": "3.1.4",
        "contentHash": "wgYJ6AxEuk7HkhUaiDwzX9LLVaeum5p8BS94xtMqgiCJ9Fxncy6z+jVHrkih+Ww6gBGbuPn5buu56MPWYlwBdg==",
        "dependencies": {
          "Microsoft.Extensions.Configuration": "3.1.4",
          "Microsoft.Extensions.FileProviders.Physical": "3.1.4"
        }
      },
      "Microsoft.Extensions.Configuration.Json": {
        "type": "Transitive",
        "resolved": "3.1.4",
        "contentHash": "PYSg1spPvu5V+qk3gpLdIKa0VHURlIAv1uInxkmIXUYbb3AlBk6wywlbFFUWf+CRWA62eD/LJnfpePODlbQ5CA==",
        "dependencies": {
          "Microsoft.Extensions.Configuration": "3.1.4",
          "Microsoft.Extensions.Configuration.FileExtensions": "3.1.4",
          "System.Text.Json": "4.7.2",
          "System.Threading.Tasks.Extensions": "4.5.4"
        }
      },
      "Microsoft.Extensions.Configuration.UserSecrets": {
        "type": "Transitive",
        "resolved": "3.1.4",
        "contentHash": "cbUQmzKpLI5lJ5hL7ijeoZnw7hHerlWfC0wMI6BAzG6/Ily+exUHoM3SGR1838+JeJs0BzIarMPSsQiVKKMVQQ==",
        "dependencies": {
          "Microsoft.Extensions.Configuration.Json": "3.1.4"
        }
      },
      "Microsoft.Extensions.DependencyInjection": {
        "type": "Transitive",
        "resolved": "3.1.4",
        "contentHash": "dAWhz6BEjUFIVLUPbT1s1sUrPTwbUWdw2iBRRe3ej3xXcKS+oo64dKrIWFxRjYP6TWyESpGFNY5NGeA5FcHVlg==",
        "dependencies": {
          "Microsoft.Extensions.DependencyInjection.Abstractions": "3.1.4"
        }
      },
      "Microsoft.Extensions.DependencyInjection.Abstractions": {
        "type": "Transitive",
        "resolved": "3.1.4",
        "contentHash": "AceHamXNKDMDwIoZqEoApLp8s3935wSC3VXrPaRWa0wWOaEcYdDlo1nWQ1zLiezoDmpJzV7FqDm53E0Ty/hEMg=="
      },
      "Microsoft.Extensions.DependencyModel": {
        "type": "Transitive",
        "resolved": "2.1.0",
        "contentHash": "nS2XKqi+1A1umnYNLX2Fbm/XnzCxs5i+zXVJ3VC6r9t2z0NZr9FLnJN4VQpKigdcWH/iFTbMuX6M6WQJcTjVIg==",
        "dependencies": {
          "Microsoft.DotNet.PlatformAbstractions": "2.1.0",
          "Newtonsoft.Json": "9.0.1",
          "System.Diagnostics.Debug": "4.0.11",
          "System.Dynamic.Runtime": "4.0.11",
          "System.Linq": "4.1.0"
        }
      },
      "Microsoft.Extensions.Diagnostics.HealthChecks": {
        "type": "Transitive",
        "resolved": "3.1.4",
        "contentHash": "gw24j2hk2iyjrTw4yCpLS9NHtSQQ3J+lc8/4tyE7RXV+93oifEOkmXzMQ9Kyc8aRUm1XHb8N5Wt5/eFmat6M+Q==",
        "dependencies": {
          "Microsoft.Extensions.Diagnostics.HealthChecks.Abstractions": "3.1.4",
          "Microsoft.Extensions.Hosting.Abstractions": "3.1.4",
          "Microsoft.Extensions.Options": "3.1.4"
        }
      },
      "Microsoft.Extensions.Diagnostics.HealthChecks.Abstractions": {
        "type": "Transitive",
        "resolved": "3.1.4",
        "contentHash": "/Dn7GTavlOC1CwMrs2ya1+YDPxOzmM5E2hT/FaDkwRKW7ZCunACW1CDXV4gGxPSSNSM/fI0fdXlMw3JEjCdZKw=="
      },
      "Microsoft.Extensions.FileProviders.Abstractions": {
        "type": "Transitive",
        "resolved": "3.1.4",
        "contentHash": "NNJA8JAoIaxlnb/bdQ8N0kA4T9ZaBAaUFM79pnT7j/x61Wne6K4lznU9u+NDgSAB3wrSx94mz169jNtle7KrSA==",
        "dependencies": {
          "Microsoft.Extensions.Primitives": "3.1.4"
        }
      },
      "Microsoft.Extensions.FileProviders.Physical": {
        "type": "Transitive",
        "resolved": "3.1.4",
        "contentHash": "vxBVwWxczp+5dnZ6FoulhxCLYzRjp5tu64iAlGMJtN0w7XLBZoY+6FvAnCRZDdwCbhVbz5VUPsbYVlL+l3sDxQ==",
        "dependencies": {
          "Microsoft.Extensions.FileProviders.Abstractions": "3.1.4",
          "Microsoft.Extensions.FileSystemGlobbing": "3.1.4"
        }
      },
      "Microsoft.Extensions.FileSystemGlobbing": {
        "type": "Transitive",
        "resolved": "3.1.4",
        "contentHash": "PGbPg8h8cUYXEovoeNvpHgdFhKnx/539E14zF1vxFz2V6cc1QmQGONbfVHEJcjbuyGyyiNyqgpPInymsVup7ow=="
      },
      "Microsoft.Extensions.Hosting": {
        "type": "Transitive",
        "resolved": "3.1.4",
        "contentHash": "J7V+0nCTUUfHr6UBT6UbEfLx0wU45ocI5UE6IstSu0hh5Lkos2jEZZ34SBcCpXFT3qifFP48BqrH4acirV4lVw==",
        "dependencies": {
          "Microsoft.Extensions.Configuration": "3.1.4",
          "Microsoft.Extensions.Configuration.CommandLine": "3.1.4",
          "Microsoft.Extensions.Configuration.EnvironmentVariables": "3.1.4",
          "Microsoft.Extensions.Configuration.UserSecrets": "3.1.4",
          "Microsoft.Extensions.DependencyInjection": "3.1.4",
          "Microsoft.Extensions.FileProviders.Physical": "3.1.4",
          "Microsoft.Extensions.Hosting.Abstractions": "3.1.4",
          "Microsoft.Extensions.Logging": "3.1.4",
          "Microsoft.Extensions.Logging.Console": "3.1.4",
          "Microsoft.Extensions.Logging.Debug": "3.1.4",
          "Microsoft.Extensions.Logging.EventLog": "3.1.4",
          "Microsoft.Extensions.Logging.EventSource": "3.1.4"
        }
      },
      "Microsoft.Extensions.Hosting.Abstractions": {
        "type": "Transitive",
        "resolved": "3.1.4",
        "contentHash": "w1Zildlb70fJ8qqysyt6HaueWBQ89qQmcSCsh/6+1TKmipU0AOjwduqY72eqHZ39j4jZYaXaoXQ/zqXZ1nYgCg==",
        "dependencies": {
          "Microsoft.Bcl.AsyncInterfaces": "1.1.1",
          "Microsoft.Extensions.Configuration.Abstractions": "3.1.4",
          "Microsoft.Extensions.DependencyInjection.Abstractions": "3.1.4",
          "Microsoft.Extensions.FileProviders.Abstractions": "3.1.4",
          "Microsoft.Extensions.Logging.Abstractions": "3.1.4"
        }
      },
      "Microsoft.Extensions.Http": {
        "type": "Transitive",
        "resolved": "3.1.4",
        "contentHash": "7Dllyya8eO03dB2nRDFp+NcF383OjGl80cHiHKHgJ1x8YN+HXLqrWaVBIQipKdb0eYOGq+iqlsb1P2ygmIRNRg==",
        "dependencies": {
          "Microsoft.Extensions.DependencyInjection.Abstractions": "3.1.4",
          "Microsoft.Extensions.Logging": "3.1.4",
          "Microsoft.Extensions.Options": "3.1.4"
        }
      },
      "Microsoft.Extensions.Logging": {
        "type": "Transitive",
        "resolved": "3.1.4",
        "contentHash": "FZDJ0cnW2hZRYCA88XQUOrAwgk6+Df/fSz+wfZkZneEQgJZp7XJ6pRvzt4ug118wJ7JGZehWkbMwwigBDcYZPA==",
        "dependencies": {
          "Microsoft.Extensions.Configuration.Binder": "3.1.4",
          "Microsoft.Extensions.DependencyInjection": "3.1.4",
          "Microsoft.Extensions.Logging.Abstractions": "3.1.4",
          "Microsoft.Extensions.Options": "3.1.4"
        }
      },
      "Microsoft.Extensions.Logging.Abstractions": {
        "type": "Transitive",
        "resolved": "3.1.4",
        "contentHash": "JNPxhw2XwhjfGFyIkA5eBfzUDPNpa6Q50HJ2F6lCAMoSa1GquAktTrl4PhEyTYFNmu09B0E90WhYsUb3kmSkOA=="
      },
      "Microsoft.Extensions.Logging.Configuration": {
        "type": "Transitive",
        "resolved": "3.1.4",
        "contentHash": "FwFVjkeYkiXtBBH6xJDsxhO6hDCxJ0I6c2qDUHBRiDUIrn6N7eXvdwQNQ+cL7XO7n6Xi3pkT+z3EQRvglIkEuQ==",
        "dependencies": {
          "Microsoft.Extensions.Logging": "3.1.4",
          "Microsoft.Extensions.Options.ConfigurationExtensions": "3.1.4"
        }
      },
      "Microsoft.Extensions.Logging.Console": {
        "type": "Transitive",
        "resolved": "3.1.4",
        "contentHash": "Solz/9q7CaEJBGUVWCzxrJ4VW4Hff202s4spSbTizEn4BoL94WfeXliK8k8+PTJuqj0U5tsoTJFv4tql/7nz9Q==",
        "dependencies": {
          "Microsoft.Extensions.Configuration.Abstractions": "3.1.4",
          "Microsoft.Extensions.Logging": "3.1.4",
          "Microsoft.Extensions.Logging.Configuration": "3.1.4"
        }
      },
      "Microsoft.Extensions.Logging.Debug": {
        "type": "Transitive",
        "resolved": "3.1.4",
        "contentHash": "tPBo2IZIK1aic+cLjiLtdzb/2Vk8KPNF4E3Qz6KiS9KVdcwLCm7v6TYx0zV4OHOGDHllxDqnTUo0DtEbJ6g6dg==",
        "dependencies": {
          "Microsoft.Extensions.Logging": "3.1.4"
        }
      },
      "Microsoft.Extensions.Logging.EventLog": {
        "type": "Transitive",
        "resolved": "3.1.4",
        "contentHash": "mjNYT/oSteLEeO097sti0YpoL+qOQt/MpVJwvrAQDwJ9MfSXkWu4IMijkk4MfdjLy72OytWx+oeHsqix8f/QiA==",
        "dependencies": {
          "Microsoft.Extensions.Logging": "3.1.4",
          "System.Diagnostics.EventLog": "4.7.0"
        }
      },
      "Microsoft.Extensions.Logging.EventSource": {
        "type": "Transitive",
        "resolved": "3.1.4",
        "contentHash": "wARH2BQVpZuAQ0rwyKVMxjfSwsDWVwyHIE4vtLeOwljWUcLwrZii1dlUHFLlu9Mgg1hqH/bcGnnWEGJu80l2ww==",
        "dependencies": {
          "Microsoft.Extensions.Logging": "3.1.4",
          "System.Text.Json": "4.7.2",
          "System.Threading.Tasks.Extensions": "4.5.4"
        }
      },
      "Microsoft.Extensions.Options": {
        "type": "Transitive",
        "resolved": "3.1.4",
        "contentHash": "ntWmD8i6UmAo0nn5MiCXIVl3+75aybVHgP/NxL9B16zwsbGkSfs+66BullsGEDNvrimgIFVDO+iB/h0yWfATWg==",
        "dependencies": {
          "Microsoft.Extensions.DependencyInjection.Abstractions": "3.1.4",
          "Microsoft.Extensions.Primitives": "3.1.4",
          "System.ComponentModel.Annotations": "4.7.0"
        }
      },
      "Microsoft.Extensions.Options.ConfigurationExtensions": {
        "type": "Transitive",
        "resolved": "3.1.4",
        "contentHash": "tTXDVrLUv+cqCu7piSoVWk4BNcDAPGCIsoir19VEjMzefpBPS/HlXtR26RctHDsdo2qdAeyPNSEqtNc2g/7/qg==",
        "dependencies": {
          "Microsoft.Extensions.Configuration.Abstractions": "3.1.4",
          "Microsoft.Extensions.Configuration.Binder": "3.1.4",
          "Microsoft.Extensions.DependencyInjection.Abstractions": "3.1.4",
          "Microsoft.Extensions.Options": "3.1.4"
        }
      },
      "Microsoft.Extensions.Primitives": {
        "type": "Transitive",
        "resolved": "3.1.4",
        "contentHash": "tLR9n5ltwA56nr1t5M6q5IBfGLXtMS+XgumtqVENmtPQOWUD+m0Kgo1U6GWr06Y875WUN3sOGnmqkvW4an7fYA==",
        "dependencies": {
          "System.Memory": "4.5.2",
          "System.Runtime.CompilerServices.Unsafe": "4.7.1"
        }
      },
      "Microsoft.NETCore.Platforms": {
        "type": "Transitive",
        "resolved": "1.1.0",
        "contentHash": "kz0PEW2lhqygehI/d6XsPCQzD7ff7gUJaVGPVETX611eadGsA3A877GdSlU0LRVMCTH/+P3o2iDTak+S08V2+A=="
      },
      "Microsoft.NETCore.Targets": {
        "type": "Transitive",
        "resolved": "1.1.0",
        "contentHash": "aOZA3BWfz9RXjpzt0sRJJMjAscAUm3Hoa4UWAfceV9UTYxgwZ1lZt5nO2myFf+/jetYQo4uTP7zS8sJY67BBxg=="
      },
      "Newtonsoft.Json": {
        "type": "Transitive",
        "resolved": "12.0.2",
        "contentHash": "rTK0s2EKlfHsQsH6Yx2smvcTCeyoDNgCW7FEYyV01drPlh2T243PR2DiDXqtC5N4GDm4Ma/lkxfW5a/4793vbA=="
      },
      "runtime.native.System": {
        "type": "Transitive",
        "resolved": "4.0.0",
        "contentHash": "QfS/nQI7k/BLgmLrw7qm7YBoULEvgWnPI+cYsbfCVFTW8Aj+i8JhccxcFMu1RWms0YZzF+UHguNBK4Qn89e2Sg==",
        "dependencies": {
          "Microsoft.NETCore.Platforms": "1.0.1",
          "Microsoft.NETCore.Targets": "1.0.1"
        }
      },
      "Scrutor": {
        "type": "Transitive",
        "resolved": "3.2.1",
        "contentHash": "MXE+dFmrgrQ+313j82ggG99g65X+xHbsh7uawICPwaVUQcYUJXX3KQPeOWfz42rOo2CNeQ0DPi8g6aqMrM4Ufg==",
        "dependencies": {
          "Microsoft.Extensions.DependencyInjection.Abstractions": "2.1.1",
          "Microsoft.Extensions.DependencyModel": "2.1.0"
        }
      },
      "Serilog": {
        "type": "Transitive",
        "resolved": "2.8.0",
        "contentHash": "zjuKXW5IQws43IHX7VY9nURsaCiBYh2kyJCWLJRSWrTsx/syBKHV8MibWe2A+QH3Er0AiwA+OJmO3DhFJDY1+A==",
        "dependencies": {
          "System.Collections.NonGeneric": "4.3.0"
        }
      },
      "Serilog.Exceptions": {
        "type": "Transitive",
        "resolved": "5.4.0",
        "contentHash": "lvj5k8XkjKhn4A9llOwPwVL5n42OpWGtsoLY4dOwTJg98NxFxQn1jSWOnTeHJtW1JUzXXRvG3JHSwoETZll5KA==",
        "dependencies": {
          "Serilog": "2.8.0",
          "System.Reflection.TypeExtensions": "4.7.0"
        }
      },
      "Serilog.Extensions.Logging": {
        "type": "Transitive",
        "resolved": "3.0.1",
        "contentHash": "U0xbGoZuxJRjE3C5vlCfrf9a4xHTmbrCXKmaA14cHAqiT1Qir0rkV7Xss9GpPJR3MRYH19DFUUqZ9hvWeJrzdQ==",
        "dependencies": {
          "Microsoft.Extensions.Logging": "2.0.0",
          "Serilog": "2.8.0"
        }
      },
      "Serilog.Sinks.Console": {
        "type": "Transitive",
        "resolved": "3.1.1",
        "contentHash": "56mI5AqvyF/i/c2451nvV71kq370XOCE4Uu5qiaJ295sOhMb9q3BWwG7mWLOVSnmpWiq0SBT3SXfgRXGNP6vzA==",
        "dependencies": {
          "Serilog": "2.5.0",
          "System.Console": "4.3.0"
        }
      },
      "System.AppContext": {
        "type": "Transitive",
        "resolved": "4.1.0",
        "contentHash": "3QjO4jNV7PdKkmQAVp9atA+usVnKRwI3Kx1nMwJ93T0LcQfx7pKAYk0nKz5wn1oP5iqlhZuy6RXOFdhr7rDwow==",
        "dependencies": {
          "System.Runtime": "4.1.0"
        }
      },
      "System.Buffers": {
        "type": "Transitive",
        "resolved": "4.5.1",
        "contentHash": "Rw7ijyl1qqRS0YQD/WycNst8hUUMgrMH4FCn1nNm27M4VxchZ1js3fVjQaANHO5f3sN4isvP4a+Met9Y4YomAg=="
      },
      "System.Collections": {
        "type": "Transitive",
        "resolved": "4.0.11",
        "contentHash": "YUJGz6eFKqS0V//mLt25vFGrrCvOnsXjlvFQs+KimpwNxug9x0Pzy4PlFMU3Q2IzqAa9G2L4LsK3+9vCBK7oTg==",
        "dependencies": {
          "Microsoft.NETCore.Platforms": "1.0.1",
          "Microsoft.NETCore.Targets": "1.0.1",
          "System.Runtime": "4.1.0"
        }
      },
      "System.Collections.NonGeneric": {
        "type": "Transitive",
        "resolved": "4.3.0",
        "contentHash": "prtjIEMhGUnQq6RnPEYLpFt8AtLbp9yq2zxOSrY7KJJZrw25Fi97IzBqY7iqssbM61Ek5b8f3MG/sG1N2sN5KA==",
        "dependencies": {
          "System.Diagnostics.Debug": "4.3.0",
          "System.Globalization": "4.3.0",
          "System.Resources.ResourceManager": "4.3.0",
          "System.Runtime": "4.3.0",
          "System.Runtime.Extensions": "4.3.0",
          "System.Threading": "4.3.0"
        }
      },
      "System.ComponentModel.Annotations": {
        "type": "Transitive",
        "resolved": "4.7.0",
        "contentHash": "0YFqjhp/mYkDGpU0Ye1GjE53HMp9UVfGN7seGpAMttAC0C40v5gw598jCgpbBLMmCo0E5YRLBv5Z2doypO49ZQ=="
      },
      "System.Console": {
        "type": "Transitive",
        "resolved": "4.3.0",
        "contentHash": "DHDrIxiqk1h03m6khKWV2X8p/uvN79rgSqpilL6uzpmSfxfU5ng8VcPtW4qsDsQDHiTv6IPV9TmD5M/vElPNLg==",
        "dependencies": {
          "Microsoft.NETCore.Platforms": "1.1.0",
          "Microsoft.NETCore.Targets": "1.1.0",
          "System.IO": "4.3.0",
          "System.Runtime": "4.3.0",
          "System.Text.Encoding": "4.3.0"
        }
      },
      "System.Diagnostics.Debug": {
        "type": "Transitive",
        "resolved": "4.3.0",
        "contentHash": "ZUhUOdqmaG5Jk3Xdb8xi5kIyQYAA4PnTNlHx1mu9ZY3qv4ELIdKbnL/akbGaKi2RnNUWaZsAs31rvzFdewTj2g==",
        "dependencies": {
          "Microsoft.NETCore.Platforms": "1.1.0",
          "Microsoft.NETCore.Targets": "1.1.0",
          "System.Runtime": "4.3.0"
        }
      },
      "System.Diagnostics.EventLog": {
        "type": "Transitive",
        "resolved": "4.7.0",
        "contentHash": "iDoKGQcRwX0qwY+eAEkaJGae0d/lHlxtslO+t8pJWAUxlvY3tqLtVOPnW2UU4cFjP0Y/L1QBqhkZfSyGqVMR2w==",
        "dependencies": {
          "System.Security.Principal.Windows": "4.7.0"
        }
      },
      "System.Dynamic.Runtime": {
        "type": "Transitive",
        "resolved": "4.0.11",
        "contentHash": "db34f6LHYM0U0JpE+sOmjar27BnqTVkbLJhgfwMpTdgTigG/Hna3m2MYVwnFzGGKnEJk2UXFuoVTr8WUbU91/A==",
        "dependencies": {
          "System.Collections": "4.0.11",
          "System.Diagnostics.Debug": "4.0.11",
          "System.Globalization": "4.0.11",
          "System.Linq": "4.1.0",
          "System.Linq.Expressions": "4.1.0",
          "System.ObjectModel": "4.0.12",
          "System.Reflection": "4.1.0",
          "System.Reflection.Emit": "4.0.1",
          "System.Reflection.Emit.ILGeneration": "4.0.1",
          "System.Reflection.Primitives": "4.0.1",
          "System.Reflection.TypeExtensions": "4.1.0",
          "System.Resources.ResourceManager": "4.0.1",
          "System.Runtime": "4.1.0",
          "System.Runtime.Extensions": "4.1.0",
          "System.Threading": "4.0.11"
        }
      },
      "System.Globalization": {
        "type": "Transitive",
        "resolved": "4.3.0",
        "contentHash": "kYdVd2f2PAdFGblzFswE4hkNANJBKRmsfa2X5LG2AcWE1c7/4t0pYae1L8vfZ5xvE2nK/R9JprtToA61OSHWIg==",
        "dependencies": {
          "Microsoft.NETCore.Platforms": "1.1.0",
          "Microsoft.NETCore.Targets": "1.1.0",
          "System.Runtime": "4.3.0"
        }
      },
      "System.IO": {
        "type": "Transitive",
        "resolved": "4.3.0",
        "contentHash": "3qjaHvxQPDpSOYICjUoTsmoq5u6QJAFRUITgeT/4gqkF1bajbSmb1kwSxEA8AHlofqgcKJcM8udgieRNhaJ5Cg==",
        "dependencies": {
          "Microsoft.NETCore.Platforms": "1.1.0",
          "Microsoft.NETCore.Targets": "1.1.0",
          "System.Runtime": "4.3.0",
          "System.Text.Encoding": "4.3.0",
          "System.Threading.Tasks": "4.3.0"
        }
      },
      "System.IO.FileSystem": {
        "type": "Transitive",
        "resolved": "4.0.1",
        "contentHash": "IBErlVq5jOggAD69bg1t0pJcHaDbJbWNUZTPI96fkYWzwYbN6D9wRHMULLDd9dHsl7C2YsxXL31LMfPI1SWt8w==",
        "dependencies": {
          "Microsoft.NETCore.Platforms": "1.0.1",
          "Microsoft.NETCore.Targets": "1.0.1",
          "System.IO": "4.1.0",
          "System.IO.FileSystem.Primitives": "4.0.1",
          "System.Runtime": "4.1.0",
          "System.Runtime.Handles": "4.0.1",
          "System.Text.Encoding": "4.0.11",
          "System.Threading.Tasks": "4.0.11"
        }
      },
      "System.IO.FileSystem.Primitives": {
        "type": "Transitive",
        "resolved": "4.0.1",
        "contentHash": "kWkKD203JJKxJeE74p8aF8y4Qc9r9WQx4C0cHzHPrY3fv/L/IhWnyCHaFJ3H1QPOH6A93whlQ2vG5nHlBDvzWQ==",
        "dependencies": {
          "System.Runtime": "4.1.0"
        }
      },
      "System.Linq": {
        "type": "Transitive",
        "resolved": "4.1.0",
        "contentHash": "bQ0iYFOQI0nuTnt+NQADns6ucV4DUvMdwN6CbkB1yj8i7arTGiTN5eok1kQwdnnNWSDZfIUySQY+J3d5KjWn0g==",
        "dependencies": {
          "System.Collections": "4.0.11",
          "System.Diagnostics.Debug": "4.0.11",
          "System.Resources.ResourceManager": "4.0.1",
          "System.Runtime": "4.1.0",
          "System.Runtime.Extensions": "4.1.0"
        }
      },
      "System.Linq.Expressions": {
        "type": "Transitive",
        "resolved": "4.1.0",
        "contentHash": "I+y02iqkgmCAyfbqOmSDOgqdZQ5tTj80Akm5BPSS8EeB0VGWdy6X1KCoYe8Pk6pwDoAKZUOdLVxnTJcExiv5zw==",
        "dependencies": {
          "System.Collections": "4.0.11",
          "System.Diagnostics.Debug": "4.0.11",
          "System.Globalization": "4.0.11",
          "System.IO": "4.1.0",
          "System.Linq": "4.1.0",
          "System.ObjectModel": "4.0.12",
          "System.Reflection": "4.1.0",
          "System.Reflection.Emit": "4.0.1",
          "System.Reflection.Emit.ILGeneration": "4.0.1",
          "System.Reflection.Emit.Lightweight": "4.0.1",
          "System.Reflection.Extensions": "4.0.1",
          "System.Reflection.Primitives": "4.0.1",
          "System.Reflection.TypeExtensions": "4.1.0",
          "System.Resources.ResourceManager": "4.0.1",
          "System.Runtime": "4.1.0",
          "System.Runtime.Extensions": "4.1.0",
          "System.Threading": "4.0.11"
        }
      },
      "System.Memory": {
        "type": "Transitive",
        "resolved": "4.5.4",
        "contentHash": "1MbJTHS1lZ4bS4FmsJjnuGJOu88ZzTT2rLvrhW7Ygic+pC0NWA+3hgAen0HRdsocuQXCkUTdFn9yHJJhsijDXw==",
        "dependencies": {
          "System.Buffers": "4.5.1",
          "System.Numerics.Vectors": "4.4.0",
          "System.Runtime.CompilerServices.Unsafe": "4.5.3"
        }
      },
      "System.Numerics.Vectors": {
        "type": "Transitive",
        "resolved": "4.5.0",
        "contentHash": "QQTlPTl06J/iiDbJCiepZ4H//BVraReU4O4EoRw1U02H5TLUIT7xn3GnDp9AXPSlJUDyFs4uWjWafNX6WrAojQ=="
      },
      "System.ObjectModel": {
        "type": "Transitive",
        "resolved": "4.0.12",
        "contentHash": "tAgJM1xt3ytyMoW4qn4wIqgJYm7L7TShRZG4+Q4Qsi2PCcj96pXN7nRywS9KkB3p/xDUjc2HSwP9SROyPYDYKQ==",
        "dependencies": {
          "System.Collections": "4.0.11",
          "System.Diagnostics.Debug": "4.0.11",
          "System.Resources.ResourceManager": "4.0.1",
          "System.Runtime": "4.1.0",
          "System.Threading": "4.0.11"
        }
      },
      "System.Reflection": {
        "type": "Transitive",
        "resolved": "4.3.0",
        "contentHash": "KMiAFoW7MfJGa9nDFNcfu+FpEdiHpWgTcS2HdMpDvt9saK3y/G4GwprPyzqjFH9NTaGPQeWNHU+iDlDILj96aQ==",
        "dependencies": {
          "Microsoft.NETCore.Platforms": "1.1.0",
          "Microsoft.NETCore.Targets": "1.1.0",
          "System.IO": "4.3.0",
          "System.Reflection.Primitives": "4.3.0",
          "System.Runtime": "4.3.0"
        }
      },
      "System.Reflection.Emit": {
        "type": "Transitive",
        "resolved": "4.0.1",
        "contentHash": "P2wqAj72fFjpP6wb9nSfDqNBMab+2ovzSDzUZK7MVIm54tBJEPr9jWfSjjoTpPwj1LeKcmX3vr0ttyjSSFM47g==",
        "dependencies": {
          "System.IO": "4.1.0",
          "System.Reflection": "4.1.0",
          "System.Reflection.Emit.ILGeneration": "4.0.1",
          "System.Reflection.Primitives": "4.0.1",
          "System.Runtime": "4.1.0"
        }
      },
      "System.Reflection.Emit.ILGeneration": {
        "type": "Transitive",
        "resolved": "4.0.1",
        "contentHash": "Ov6dU8Bu15Bc7zuqttgHF12J5lwSWyTf1S+FJouUXVMSqImLZzYaQ+vRr1rQ0OZ0HqsrwWl4dsKHELckQkVpgA==",
        "dependencies": {
          "System.Reflection": "4.1.0",
          "System.Reflection.Primitives": "4.0.1",
          "System.Runtime": "4.1.0"
        }
      },
      "System.Reflection.Emit.Lightweight": {
        "type": "Transitive",
        "resolved": "4.0.1",
        "contentHash": "sSzHHXueZ5Uh0OLpUQprhr+ZYJrLPA2Cmr4gn0wj9+FftNKXx8RIMKvO9qnjk2ebPYUjZ+F2ulGdPOsvj+MEjA==",
        "dependencies": {
          "System.Reflection": "4.1.0",
          "System.Reflection.Emit.ILGeneration": "4.0.1",
          "System.Reflection.Primitives": "4.0.1",
          "System.Runtime": "4.1.0"
        }
      },
      "System.Reflection.Extensions": {
        "type": "Transitive",
        "resolved": "4.0.1",
        "contentHash": "GYrtRsZcMuHF3sbmRHfMYpvxZoIN2bQGrYGerUiWLEkqdEUQZhH3TRSaC/oI4wO0II1RKBPlpIa1TOMxIcOOzQ==",
        "dependencies": {
          "Microsoft.NETCore.Platforms": "1.0.1",
          "Microsoft.NETCore.Targets": "1.0.1",
          "System.Reflection": "4.1.0",
          "System.Runtime": "4.1.0"
        }
      },
      "System.Reflection.Primitives": {
        "type": "Transitive",
        "resolved": "4.3.0",
        "contentHash": "5RXItQz5As4xN2/YUDxdpsEkMhvw3e6aNveFXUn4Hl/udNTCNhnKp8lT9fnc3MhvGKh1baak5CovpuQUXHAlIA==",
        "dependencies": {
          "Microsoft.NETCore.Platforms": "1.1.0",
          "Microsoft.NETCore.Targets": "1.1.0",
          "System.Runtime": "4.3.0"
        }
      },
      "System.Reflection.TypeExtensions": {
        "type": "Transitive",
        "resolved": "4.7.0",
        "contentHash": "VybpaOQQhqE6siHppMktjfGBw1GCwvCqiufqmP8F1nj7fTUNtW35LOEt3UZTEsECfo+ELAl/9o9nJx3U91i7vA=="
      },
      "System.Resources.ResourceManager": {
        "type": "Transitive",
        "resolved": "4.3.0",
        "contentHash": "/zrcPkkWdZmI4F92gL/TPumP98AVDu/Wxr3CSJGQQ+XN6wbRZcyfSKVoPo17ilb3iOr0cCRqJInGwNMolqhS8A==",
        "dependencies": {
          "Microsoft.NETCore.Platforms": "1.1.0",
          "Microsoft.NETCore.Targets": "1.1.0",
          "System.Globalization": "4.3.0",
          "System.Reflection": "4.3.0",
          "System.Runtime": "4.3.0"
        }
      },
      "System.Runtime": {
        "type": "Transitive",
        "resolved": "4.3.0",
        "contentHash": "JufQi0vPQ0xGnAczR13AUFglDyVYt4Kqnz1AZaiKZ5+GICq0/1MH/mO/eAJHt/mHW1zjKBJd7kV26SrxddAhiw==",
        "dependencies": {
          "Microsoft.NETCore.Platforms": "1.1.0",
          "Microsoft.NETCore.Targets": "1.1.0"
        }
      },
      "System.Runtime.CompilerServices.Unsafe": {
        "type": "Transitive",
        "resolved": "4.7.1",
        "contentHash": "zOHkQmzPCn5zm/BH+cxC1XbUS3P4Yoi3xzW7eRgVpDR2tPGSzyMZ17Ig1iRkfJuY0nhxkQQde8pgePNiA7z7TQ=="
      },
      "System.Runtime.Extensions": {
        "type": "Transitive",
        "resolved": "4.3.0",
        "contentHash": "guW0uK0fn5fcJJ1tJVXYd7/1h5F+pea1r7FLSOz/f8vPEqbR2ZAknuRDvTQ8PzAilDveOxNjSfr0CHfIQfFk8g==",
        "dependencies": {
          "Microsoft.NETCore.Platforms": "1.1.0",
          "Microsoft.NETCore.Targets": "1.1.0",
          "System.Runtime": "4.3.0"
        }
      },
      "System.Runtime.Handles": {
        "type": "Transitive",
        "resolved": "4.0.1",
        "contentHash": "nCJvEKguXEvk2ymk1gqj625vVnlK3/xdGzx0vOKicQkoquaTBJTP13AIYkocSUwHCLNBwUbXTqTWGDxBTWpt7g==",
        "dependencies": {
          "Microsoft.NETCore.Platforms": "1.0.1",
          "Microsoft.NETCore.Targets": "1.0.1",
          "System.Runtime": "4.1.0"
        }
      },
      "System.Runtime.InteropServices": {
        "type": "Transitive",
        "resolved": "4.1.0",
        "contentHash": "16eu3kjHS633yYdkjwShDHZLRNMKVi/s0bY8ODiqJ2RfMhDMAwxZaUaWVnZ2P71kr/or+X9o/xFWtNqz8ivieQ==",
        "dependencies": {
          "Microsoft.NETCore.Platforms": "1.0.1",
          "Microsoft.NETCore.Targets": "1.0.1",
          "System.Reflection": "4.1.0",
          "System.Reflection.Primitives": "4.0.1",
          "System.Runtime": "4.1.0",
          "System.Runtime.Handles": "4.0.1"
        }
      },
      "System.Runtime.InteropServices.RuntimeInformation": {
        "type": "Transitive",
        "resolved": "4.0.0",
        "contentHash": "hWPhJxc453RCa8Z29O91EmfGeZIHX1ZH2A8L6lYQVSaKzku2DfArSfMEb1/MYYzPQRJZeu0c9dmYeJKxW5Fgng==",
        "dependencies": {
          "Microsoft.NETCore.Platforms": "1.0.1",
          "System.Reflection": "4.1.0",
          "System.Resources.ResourceManager": "4.0.1",
          "System.Runtime": "4.1.0",
          "System.Runtime.InteropServices": "4.1.0",
          "System.Threading": "4.0.11",
          "runtime.native.System": "4.0.0"
        }
      },
      "System.Security.Principal.Windows": {
        "type": "Transitive",
        "resolved": "4.7.0",
        "contentHash": "ojD0PX0XhneCsUbAZVKdb7h/70vyYMDYs85lwEI+LngEONe/17A0cFaRFqZU+sOEidcVswYWikYOQ9PPfjlbtQ=="
      },
      "System.Text.Encoding": {
        "type": "Transitive",
        "resolved": "4.3.0",
        "contentHash": "BiIg+KWaSDOITze6jGQynxg64naAPtqGHBwDrLaCtixsa5bKiR8dpPOHA7ge3C0JJQizJE+sfkz1wV+BAKAYZw==",
        "dependencies": {
          "Microsoft.NETCore.Platforms": "1.1.0",
          "Microsoft.NETCore.Targets": "1.1.0",
          "System.Runtime": "4.3.0"
        }
      },
      "System.Text.Encoding.CodePages": {
        "type": "Transitive",
        "resolved": "4.5.1",
        "contentHash": "4J2JQXbftjPMppIHJ7IC+VXQ9XfEagN92vZZNoG12i+zReYlim5dMoXFC1Zzg7tsnKDM7JPo5bYfFK4Jheq44w==",
        "dependencies": {
          "System.Runtime.CompilerServices.Unsafe": "4.5.2"
        }
      },
      "System.Text.Encodings.Web": {
        "type": "Transitive",
        "resolved": "4.7.1",
        "contentHash": "3qreYFQcLnyFk1LuaNWyyWE+sfkfe5eSTaIIssYrLNUIDbgyZNQBYQSzSDo4AprpjVeVX2T4KHKii9fiSZVUow=="
      },
      "System.Text.Json": {
        "type": "Transitive",
        "resolved": "4.7.2",
        "contentHash": "TcMd95wcrubm9nHvJEQs70rC0H/8omiSGGpU4FQ/ZA1URIqD4pjmFJh2Mfv1yH1eHgJDWTi2hMDXwTET+zOOyg==",
        "dependencies": {
          "Microsoft.Bcl.AsyncInterfaces": "1.1.0",
          "System.Buffers": "4.5.1",
          "System.Memory": "4.5.4",
          "System.Numerics.Vectors": "4.5.0",
          "System.Runtime.CompilerServices.Unsafe": "4.7.1",
          "System.Text.Encodings.Web": "4.7.1",
          "System.Threading.Tasks.Extensions": "4.5.4"
        }
      },
      "System.Threading": {
        "type": "Transitive",
        "resolved": "4.3.0",
        "contentHash": "VkUS0kOBcUf3Wwm0TSbrevDDZ6BlM+b/HRiapRFWjM5O0NS0LviG0glKmFK+hhPDd1XFeSdU1GmlLhb2CoVpIw==",
        "dependencies": {
          "System.Runtime": "4.3.0",
          "System.Threading.Tasks": "4.3.0"
        }
      },
      "System.Threading.Tasks": {
        "type": "Transitive",
        "resolved": "4.3.0",
        "contentHash": "LbSxKEdOUhVe8BezB/9uOGGppt+nZf6e1VFyw6v3DN6lqitm0OSn2uXMOdtP0M3W4iMcqcivm2J6UgqiwwnXiA==",
        "dependencies": {
          "Microsoft.NETCore.Platforms": "1.1.0",
          "Microsoft.NETCore.Targets": "1.1.0",
          "System.Runtime": "4.3.0"
        }
      },
      "System.Threading.Tasks.Extensions": {
        "type": "Transitive",
        "resolved": "4.5.4",
        "contentHash": "zteT+G8xuGu6mS+mzDzYXbzS7rd3K6Fjb9RiZlYlJPam2/hU7JCBZBVEcywNuR+oZ1ncTvc/cq0faRr3P01OVg==",
        "dependencies": {
          "System.Runtime.CompilerServices.Unsafe": "4.5.3"
        }
      },
      "sitko.core.app": {
        "type": "Project",
        "dependencies": {
          "Flurl.Http": "2.4.2",
          "JetBrains.Annotations": "2020.1.0",
          "Microsoft.Extensions.Configuration": "3.1.4",
          "Microsoft.Extensions.DependencyInjection": "3.1.4",
          "Microsoft.Extensions.Diagnostics.HealthChecks": "3.1.4",
          "Microsoft.Extensions.Hosting": "3.1.4",
          "Microsoft.Extensions.Http": "3.1.4",
          "Microsoft.Extensions.Logging": "3.1.4",
          "Scrutor": "3.2.1",
          "Serilog.Exceptions": "5.4.0",
          "Serilog.Extensions.Logging": "3.0.1",
          "Serilog.Sinks.Console": "3.1.1"
        }
      }
    }
  }
}