{
  "version": 1,
  "dependencies": {
    ".NETStandard,Version=v2.1": {
      "Flurl": {
        "type": "Transitive",
        "resolved": "2.8.2",
        "contentHash": "3VEYAqkGTGHgla4xuyEB4d8XGLeMX2k05C4WfI7YmKQHsL7RhoGu3L6h1xsKKTPFWjEL13p09XOIGwD1pQ86dg=="
      },
      "Flurl.Http": {
        "type": "Transitive",
        "resolved": "2.4.2",
        "contentHash": "VfSJ0DKzh6kf2IOZGG1/JpHajhtqzGp1t+M1QSyFGse7c4Gg1DpH80LTveYea2hV1BEtvPPEp6A4iZ78D8bxGQ==",
        "dependencies": {
          "Flurl": "2.8.2",
          "Newtonsoft.Json": "12.0.2",
          "System.Text.Encoding.CodePages": "4.5.1"
        }
      },
      "JetBrains.Annotations": {
        "type": "Transitive",
        "resolved": "2019.1.3",
        "contentHash": "E0x48BwZJKoNMNCekWGKsV4saQS89lf58ydT2szseV44CMYIbaHXjc7+305WLw6up3ibZN9yH6QdGSZo5tQhLg=="
      },
      "Microsoft.Bcl.AsyncInterfaces": {
        "type": "Transitive",
        "resolved": "1.1.0",
        "contentHash": "1Am6l4Vpn3/K32daEqZI+FFr96OlZkgwK2LcT3pZ2zWubR5zTPW3/FkO1Rat9kb7oQOa4rxgl9LJHc5tspCWfg==",
        "dependencies": {
          "System.Threading.Tasks.Extensions": "4.5.2"
        }
      },
      "Microsoft.DotNet.PlatformAbstractions": {
        "type": "Transitive",
        "resolved": "2.1.0",
        "contentHash": "9KPDwvb/hLEVXYruVHVZ8BkebC8j17DmPb56LnqRF74HqSPLjCkrlFUjOtFpQPA2DeADBRTI/e69aCfRBfrhxw==",
        "dependencies": {
          "System.AppContext": "4.1.0",
          "System.Collections": "4.0.11",
          "System.IO": "4.1.0",
          "System.IO.FileSystem": "4.0.1",
          "System.Reflection.TypeExtensions": "4.1.0",
          "System.Runtime.Extensions": "4.1.0",
          "System.Runtime.InteropServices": "4.1.0",
          "System.Runtime.InteropServices.RuntimeInformation": "4.0.0"
        }
      },
      "Microsoft.Extensions.Configuration": {
        "type": "Transitive",
        "resolved": "3.1.2",
        "contentHash": "BxwRSBab309SYMCDCFyB6eSc7FnX5m9kOJQHw2IQIyb5PEtpfslhscTw63Gwhl3dPnaM1VGFXIyI0BVgpiLgOw==",
        "dependencies": {
          "Microsoft.Extensions.Configuration.Abstractions": "3.1.2"
        }
      },
      "Microsoft.Extensions.Configuration.Abstractions": {
        "type": "Transitive",
        "resolved": "3.1.2",
        "contentHash": "xmfdVdazTslWJ8od7uNS9QSPqn1wBC84RLprPrFS20EdAqd3lV0g0IZAitYbCiiICpjktnhzbUb85aLHNZ3RQw==",
        "dependencies": {
          "Microsoft.Extensions.Primitives": "3.1.2"
        }
      },
      "Microsoft.Extensions.Configuration.Binder": {
        "type": "Transitive",
        "resolved": "3.1.2",
        "contentHash": "IWrc9/voGki2pc5g8bRXIqs+P50tXOjNf47qgFKSu/pL50InRuXxh/nj5AG9Po8YRpvT/bYIUk3XQqHH7yUg5w==",
        "dependencies": {
          "Microsoft.Extensions.Configuration": "3.1.2"
        }
      },
      "Microsoft.Extensions.Configuration.CommandLine": {
        "type": "Transitive",
        "resolved": "3.1.2",
        "contentHash": "voJoqXRGnfB4nw3LRL6QY/rnYdaZA2vFCMbRzPP2iE13XbZciJhGR0fvTsDKyFA9VfQJzPgIj+F/0S0Zqdxt4w==",
        "dependencies": {
          "Microsoft.Extensions.Configuration": "3.1.2"
        }
      },
      "Microsoft.Extensions.Configuration.EnvironmentVariables": {
        "type": "Transitive",
        "resolved": "3.1.2",
        "contentHash": "AdpldFyx0PlwbgUatdj89jC/n5n2dqXP865NwM77bu9LcnEmWX37QTSAKeZT5a13c6G5MQ1v4lAGz2a9wpPf/g==",
        "dependencies": {
          "Microsoft.Extensions.Configuration": "3.1.2"
        }
      },
      "Microsoft.Extensions.Configuration.FileExtensions": {
        "type": "Transitive",
        "resolved": "3.1.2",
        "contentHash": "itZcJUf2IRa4e4NFTQgR4JUmwndEU5O0isQsKkZXHiHXwExgLkX9D09R7YIK272w3jpKaYw/DejntAC7zzsNWg==",
        "dependencies": {
          "Microsoft.Extensions.Configuration": "3.1.2",
          "Microsoft.Extensions.FileProviders.Physical": "3.1.2"
        }
      },
      "Microsoft.Extensions.Configuration.Json": {
        "type": "Transitive",
        "resolved": "3.1.2",
        "contentHash": "AQ64UCqGXP2UTfkVE1fdUJdlKEEiFZIOXpt6lkIz+tunuJWh1m+/eIppY+ITgjoKsfFc2W8ldNonIntHx5ybNQ==",
        "dependencies": {
          "Microsoft.Extensions.Configuration": "3.1.2",
          "Microsoft.Extensions.Configuration.FileExtensions": "3.1.2",
          "System.Text.Json": "4.7.1",
          "System.Threading.Tasks.Extensions": "4.5.2"
        }
      },
      "Microsoft.Extensions.Configuration.UserSecrets": {
        "type": "Transitive",
        "resolved": "3.1.2",
        "contentHash": "1YOSOCsOUPVbcTDU+bifeT1z5dtMdwaZywWdKYocDBHwoILmxRsIKYS8CWVYPIggliHPEwjonNZfpdIktJkNiw==",
        "dependencies": {
          "Microsoft.Extensions.Configuration.Json": "3.1.2"
        }
      },
      "Microsoft.Extensions.DependencyInjection": {
        "type": "Transitive",
        "resolved": "3.1.2",
        "contentHash": "e+F6/wjQPOFHB/sGWTAqC8FX/C6+JZWWLpryXTAQYIS3tr+17lByADdP9Y6RtxfJ4kW/IPrU6RuxTNZNdAQz1A==",
        "dependencies": {
          "Microsoft.Extensions.DependencyInjection.Abstractions": "3.1.2"
        }
      },
      "Microsoft.Extensions.DependencyInjection.Abstractions": {
        "type": "Transitive",
        "resolved": "3.1.2",
        "contentHash": "/CZzCSCIm/3FFoXHfUpsfov/Elo268dcvlz/MMINT0vPgphqg2pAgdEn/EjCDyoAT3NAmsRmjfGwBumC1uYJtA=="
      },
      "Microsoft.Extensions.DependencyModel": {
        "type": "Transitive",
        "resolved": "2.1.0",
        "contentHash": "nS2XKqi+1A1umnYNLX2Fbm/XnzCxs5i+zXVJ3VC6r9t2z0NZr9FLnJN4VQpKigdcWH/iFTbMuX6M6WQJcTjVIg==",
        "dependencies": {
          "Microsoft.DotNet.PlatformAbstractions": "2.1.0",
          "Newtonsoft.Json": "9.0.1",
          "System.Diagnostics.Debug": "4.0.11",
          "System.Dynamic.Runtime": "4.0.11",
          "System.Linq": "4.1.0"
        }
      },
      "Microsoft.Extensions.Diagnostics.HealthChecks": {
        "type": "Transitive",
        "resolved": "3.1.2",
        "contentHash": "RenaRAhNYpXdUeLbn0CaDjVnHPMBAmo5qkkTqUEo4TRlJhDPl7mKZIkuopK2IbK0Th9I3ZJb+3bWMZx4sWAJYA==",
        "dependencies": {
          "Microsoft.Extensions.Diagnostics.HealthChecks.Abstractions": "3.1.2",
          "Microsoft.Extensions.Hosting.Abstractions": "3.1.2",
          "Microsoft.Extensions.Options": "3.1.2"
        }
      },
      "Microsoft.Extensions.Diagnostics.HealthChecks.Abstractions": {
        "type": "Transitive",
        "resolved": "3.1.2",
        "contentHash": "+PmZPTNl4hCq+MUODvEElptQu8jrlsBeeXJSC77kskdBBFjGOeKKyS80Gy2byMkYqnNfuiKHbsCbEbYcMtqoiA=="
      },
      "Microsoft.Extensions.FileProviders.Abstractions": {
        "type": "Transitive",
        "resolved": "3.1.2",
        "contentHash": "O9+N6KuA7kiPIYpdgRFFveKRyI3X2hLgdqdEwQki0MOA5XtCVOkxz8O+6CK1+b1a7Y1TildGfx3i+h/652vyHg==",
        "dependencies": {
          "Microsoft.Extensions.Primitives": "3.1.2"
        }
      },
      "Microsoft.Extensions.FileProviders.Physical": {
        "type": "Transitive",
        "resolved": "3.1.2",
        "contentHash": "lAbbwKapBfwGLVcfNL7TG4o7zRqLOiVY7/ylUKgnh2D9TotJ2riXzNTmQldksIYrmcJcNrq/WBalTpawSSAkJg==",
        "dependencies": {
          "Microsoft.Extensions.FileProviders.Abstractions": "3.1.2",
          "Microsoft.Extensions.FileSystemGlobbing": "3.1.2"
        }
      },
      "Microsoft.Extensions.FileSystemGlobbing": {
        "type": "Transitive",
        "resolved": "3.1.2",
        "contentHash": "/EgWQ25z1RZgzAT6JSOJiuQ/PFm53Kl1H3kzAgs5JIh52UaD1RmxW1znv5VbQlTfgLzRSeQZ3aPPA9SNakuSzw=="
      },
      "Microsoft.Extensions.Hosting": {
        "type": "Transitive",
        "resolved": "3.1.2",
        "contentHash": "v/7IgJwnb/eRVz7rH7nGrsFkDm9nLFmfqwzcjzTb1ZYC4ktF+rcNZN3zMEBqKk4fa6yLvWf/fdc4JNKosZbeCQ==",
        "dependencies": {
          "Microsoft.Extensions.Configuration": "3.1.2",
          "Microsoft.Extensions.Configuration.CommandLine": "3.1.2",
          "Microsoft.Extensions.Configuration.EnvironmentVariables": "3.1.2",
          "Microsoft.Extensions.Configuration.UserSecrets": "3.1.2",
          "Microsoft.Extensions.DependencyInjection": "3.1.2",
          "Microsoft.Extensions.FileProviders.Physical": "3.1.2",
          "Microsoft.Extensions.Hosting.Abstractions": "3.1.2",
          "Microsoft.Extensions.Logging": "3.1.2",
          "Microsoft.Extensions.Logging.Console": "3.1.2",
          "Microsoft.Extensions.Logging.Debug": "3.1.2",
          "Microsoft.Extensions.Logging.EventLog": "3.1.2",
          "Microsoft.Extensions.Logging.EventSource": "3.1.2"
        }
      },
      "Microsoft.Extensions.Hosting.Abstractions": {
        "type": "Transitive",
        "resolved": "3.1.2",
        "contentHash": "oafEsTwy1ed4zycyjzgFet58IW3I/aC1uUJTWpFAs3mjkQzW52LqVlE/9AAW2IVk4q8EPw+GPsiFB17qYksNXQ==",
        "dependencies": {
          "Microsoft.Bcl.AsyncInterfaces": "1.1.0",
          "Microsoft.Extensions.Configuration.Abstractions": "3.1.2",
          "Microsoft.Extensions.DependencyInjection.Abstractions": "3.1.2",
          "Microsoft.Extensions.FileProviders.Abstractions": "3.1.2",
          "Microsoft.Extensions.Logging.Abstractions": "3.1.2"
        }
      },
      "Microsoft.Extensions.Http": {
        "type": "Transitive",
        "resolved": "3.1.2",
        "contentHash": "dKaGiTYbIB+6tSS4sW6tkoKLcwOMRu+a5ERNMJNsmU+ba2alemD1eY1f2qXu96aNtshYwpI2EaSCPvLGX1JzAw==",
        "dependencies": {
          "Microsoft.Extensions.DependencyInjection.Abstractions": "3.1.2",
          "Microsoft.Extensions.Logging": "3.1.2",
          "Microsoft.Extensions.Options": "3.1.2"
        }
      },
      "Microsoft.Extensions.Logging": {
        "type": "Transitive",
        "resolved": "3.1.2",
        "contentHash": "AIIRgKamzEqJNLZsHd37VogFX9YpxgrBmf/b3dznD7S0qjxWQnAs498ulLV1n6AKJ8XVjTCBNzsvQiSwCa7dIw==",
        "dependencies": {
          "Microsoft.Extensions.Configuration.Binder": "3.1.2",
          "Microsoft.Extensions.DependencyInjection": "3.1.2",
          "Microsoft.Extensions.Logging.Abstractions": "3.1.2",
          "Microsoft.Extensions.Options": "3.1.2"
        }
      },
      "Microsoft.Extensions.Logging.Abstractions": {
        "type": "Transitive",
        "resolved": "3.1.2",
        "contentHash": "cIXPw7VVX3fON4uuHwJFmCi0qDl8uY75xZMKB2oM3In0ZDEB1Ee+p9Ti1DSw92AwRtJ2Zh+QG1joTBednJMzvA=="
      },
      "Microsoft.Extensions.Logging.Configuration": {
        "type": "Transitive",
        "resolved": "3.1.2",
        "contentHash": "Bci7HS4W4zvY0UPj/K0rVjq4UrNOB7TJyuXr4CD2L2Hdau8UIh7BpYvF6bijMXT+EyXneEb8bRdoewY/AV3GDA==",
        "dependencies": {
          "Microsoft.Extensions.Logging": "3.1.2",
          "Microsoft.Extensions.Options.ConfigurationExtensions": "3.1.2"
        }
      },
      "Microsoft.Extensions.Logging.Console": {
        "type": "Transitive",
        "resolved": "3.1.2",
        "contentHash": "B0NYqwMDZ/0PwK0SWEoOIVEz8nEIwDmeuARFJxVzVHAvS5jwmHmbyEEzjoE/HMyhTSzktfihW/rnvGPwqCtveQ==",
        "dependencies": {
          "Microsoft.Extensions.Configuration.Abstractions": "3.1.2",
          "Microsoft.Extensions.Logging": "3.1.2",
          "Microsoft.Extensions.Logging.Configuration": "3.1.2"
        }
      },
      "Microsoft.Extensions.Logging.Debug": {
        "type": "Transitive",
        "resolved": "3.1.2",
        "contentHash": "dEBzfBfaeJuzK9tc5gAz2mq8XyK/nG8O/nFzYvj3Xpai8Jg2+ATfod9rOfEiLsKuxQBJphS1Uku5Yi0178R30Q==",
        "dependencies": {
          "Microsoft.Extensions.Logging": "3.1.2"
        }
      },
      "Microsoft.Extensions.Logging.EventLog": {
        "type": "Transitive",
        "resolved": "3.1.2",
        "contentHash": "839T7wGsE+f4CnBwiA82MMnnZf1B1cUBK2PYA8IcysOXsCrFzlM+sUwfzcAySXTNDG8IeMBBi0DZMLWMXhTbjQ==",
        "dependencies": {
          "Microsoft.Extensions.Logging": "3.1.2",
          "System.Diagnostics.EventLog": "4.7.0"
        }
      },
      "Microsoft.Extensions.Logging.EventSource": {
        "type": "Transitive",
        "resolved": "3.1.2",
        "contentHash": "8Y/VYarFYNZxXNi5cHp49VTuPyV3+Q2U7a9tCuS1TTBMBtQ+M5RNucQGrqquZ2DD9kdhEwrSThwzzjjN2nn0fw==",
        "dependencies": {
          "Microsoft.Extensions.Logging": "3.1.2",
          "System.Text.Json": "4.7.1",
          "System.Threading.Tasks.Extensions": "4.5.2"
        }
      },
      "Microsoft.Extensions.Options": {
        "type": "Transitive",
        "resolved": "3.1.2",
        "contentHash": "6F4anwt9yMlnQckac2etjrasRFyqZNIp46p+i9qVps0DXNsOLZIKRkqq4AY4FlxXxKeGkEJC7M77RQEkvd3p8Q==",
        "dependencies": {
          "Microsoft.Extensions.DependencyInjection.Abstractions": "3.1.2",
          "Microsoft.Extensions.Primitives": "3.1.2",
          "System.ComponentModel.Annotations": "4.7.0"
        }
      },
      "Microsoft.Extensions.Options.ConfigurationExtensions": {
        "type": "Transitive",
        "resolved": "3.1.2",
        "contentHash": "NJRuISEgTUh3/ehm0mwGx1FhepKQuUxfMm0BKJ0b8UNABuDaXFLtlV/5Bd9hT5vmeZTGGB4hvM02uRaCiSACNw==",
        "dependencies": {
          "Microsoft.Extensions.Configuration.Abstractions": "3.1.2",
          "Microsoft.Extensions.Configuration.Binder": "3.1.2",
          "Microsoft.Extensions.DependencyInjection.Abstractions": "3.1.2",
          "Microsoft.Extensions.Options": "3.1.2"
        }
      },
      "Microsoft.Extensions.Primitives": {
        "type": "Transitive",
        "resolved": "3.1.2",
        "contentHash": "WGtoFWY9yc9HGMG6ObDNQPz9dBP+xz/GqFe2dKjdE/cSdXFEKxCFTyYCzL/e8kxVkc/Bq9qjOsXRWydvn0g9Uw==",
        "dependencies": {
          "System.Memory": "4.5.2",
          "System.Runtime.CompilerServices.Unsafe": "4.7.0"
        }
      },
      "Microsoft.NETCore.Platforms": {
        "type": "Transitive",
        "resolved": "1.1.0",
        "contentHash": "kz0PEW2lhqygehI/d6XsPCQzD7ff7gUJaVGPVETX611eadGsA3A877GdSlU0LRVMCTH/+P3o2iDTak+S08V2+A=="
      },
      "Microsoft.NETCore.Targets": {
        "type": "Transitive",
        "resolved": "1.1.0",
        "contentHash": "aOZA3BWfz9RXjpzt0sRJJMjAscAUm3Hoa4UWAfceV9UTYxgwZ1lZt5nO2myFf+/jetYQo4uTP7zS8sJY67BBxg=="
      },
      "Newtonsoft.Json": {
        "type": "Transitive",
        "resolved": "12.0.2",
        "contentHash": "rTK0s2EKlfHsQsH6Yx2smvcTCeyoDNgCW7FEYyV01drPlh2T243PR2DiDXqtC5N4GDm4Ma/lkxfW5a/4793vbA=="
      },
      "runtime.native.System": {
        "type": "Transitive",
        "resolved": "4.0.0",
        "contentHash": "QfS/nQI7k/BLgmLrw7qm7YBoULEvgWnPI+cYsbfCVFTW8Aj+i8JhccxcFMu1RWms0YZzF+UHguNBK4Qn89e2Sg==",
        "dependencies": {
          "Microsoft.NETCore.Platforms": "1.0.1",
          "Microsoft.NETCore.Targets": "1.0.1"
        }
      },
      "Scrutor": {
        "type": "Transitive",
        "resolved": "3.2.0",
        "contentHash": "wfVcGbiRtCXzbMY0fhJNUCH6n1IJ0ce8nz5Vn4/g2/k9x+inJ9CYV/hEH6QbDyitLTgro4wVzyPwKNU7eP0jTA==",
        "dependencies": {
          "Microsoft.Extensions.DependencyInjection.Abstractions": "2.1.1",
          "Microsoft.Extensions.DependencyModel": "2.1.0"
        }
      },
      "Serilog": {
        "type": "Transitive",
        "resolved": "2.8.0",
        "contentHash": "zjuKXW5IQws43IHX7VY9nURsaCiBYh2kyJCWLJRSWrTsx/syBKHV8MibWe2A+QH3Er0AiwA+OJmO3DhFJDY1+A==",
        "dependencies": {
          "System.Collections.NonGeneric": "4.3.0"
        }
      },
      "Serilog.Exceptions": {
        "type": "Transitive",
        "resolved": "5.4.0",
        "contentHash": "lvj5k8XkjKhn4A9llOwPwVL5n42OpWGtsoLY4dOwTJg98NxFxQn1jSWOnTeHJtW1JUzXXRvG3JHSwoETZll5KA==",
        "dependencies": {
          "Serilog": "2.8.0",
          "System.Reflection.TypeExtensions": "4.7.0"
        }
      },
      "Serilog.Extensions.Logging": {
        "type": "Transitive",
        "resolved": "3.0.1",
        "contentHash": "U0xbGoZuxJRjE3C5vlCfrf9a4xHTmbrCXKmaA14cHAqiT1Qir0rkV7Xss9GpPJR3MRYH19DFUUqZ9hvWeJrzdQ==",
        "dependencies": {
          "Microsoft.Extensions.Logging": "2.0.0",
          "Serilog": "2.8.0"
        }
      },
      "Serilog.Sinks.Console": {
        "type": "Transitive",
        "resolved": "3.1.1",
        "contentHash": "56mI5AqvyF/i/c2451nvV71kq370XOCE4Uu5qiaJ295sOhMb9q3BWwG7mWLOVSnmpWiq0SBT3SXfgRXGNP6vzA==",
        "dependencies": {
          "Serilog": "2.5.0",
          "System.Console": "4.3.0"
        }
      },
      "System.AppContext": {
        "type": "Transitive",
        "resolved": "4.1.0",
        "contentHash": "3QjO4jNV7PdKkmQAVp9atA+usVnKRwI3Kx1nMwJ93T0LcQfx7pKAYk0nKz5wn1oP5iqlhZuy6RXOFdhr7rDwow==",
        "dependencies": {
          "System.Runtime": "4.1.0"
        }
      },
      "System.Buffers": {
        "type": "Transitive",
        "resolved": "4.5.0",
        "contentHash": "pL2ChpaRRWI/p4LXyy4RgeWlYF2sgfj/pnVMvBqwNFr5cXg7CXNnWZWxrOONLg8VGdFB8oB+EG2Qw4MLgTOe+A=="
      },
      "System.Collections": {
        "type": "Transitive",
        "resolved": "4.0.11",
        "contentHash": "YUJGz6eFKqS0V//mLt25vFGrrCvOnsXjlvFQs+KimpwNxug9x0Pzy4PlFMU3Q2IzqAa9G2L4LsK3+9vCBK7oTg==",
        "dependencies": {
          "Microsoft.NETCore.Platforms": "1.0.1",
          "Microsoft.NETCore.Targets": "1.0.1",
          "System.Runtime": "4.1.0"
        }
      },
      "System.Collections.NonGeneric": {
        "type": "Transitive",
        "resolved": "4.3.0",
        "contentHash": "prtjIEMhGUnQq6RnPEYLpFt8AtLbp9yq2zxOSrY7KJJZrw25Fi97IzBqY7iqssbM61Ek5b8f3MG/sG1N2sN5KA==",
        "dependencies": {
          "System.Diagnostics.Debug": "4.3.0",
          "System.Globalization": "4.3.0",
          "System.Resources.ResourceManager": "4.3.0",
          "System.Runtime": "4.3.0",
          "System.Runtime.Extensions": "4.3.0",
          "System.Threading": "4.3.0"
        }
      },
      "System.ComponentModel.Annotations": {
        "type": "Transitive",
        "resolved": "4.7.0",
        "contentHash": "0YFqjhp/mYkDGpU0Ye1GjE53HMp9UVfGN7seGpAMttAC0C40v5gw598jCgpbBLMmCo0E5YRLBv5Z2doypO49ZQ=="
      },
      "System.Console": {
        "type": "Transitive",
        "resolved": "4.3.0",
        "contentHash": "DHDrIxiqk1h03m6khKWV2X8p/uvN79rgSqpilL6uzpmSfxfU5ng8VcPtW4qsDsQDHiTv6IPV9TmD5M/vElPNLg==",
        "dependencies": {
          "Microsoft.NETCore.Platforms": "1.1.0",
          "Microsoft.NETCore.Targets": "1.1.0",
          "System.IO": "4.3.0",
          "System.Runtime": "4.3.0",
          "System.Text.Encoding": "4.3.0"
        }
      },
      "System.Diagnostics.Debug": {
        "type": "Transitive",
        "resolved": "4.3.0",
        "contentHash": "ZUhUOdqmaG5Jk3Xdb8xi5kIyQYAA4PnTNlHx1mu9ZY3qv4ELIdKbnL/akbGaKi2RnNUWaZsAs31rvzFdewTj2g==",
        "dependencies": {
          "Microsoft.NETCore.Platforms": "1.1.0",
          "Microsoft.NETCore.Targets": "1.1.0",
          "System.Runtime": "4.3.0"
        }
      },
      "System.Diagnostics.EventLog": {
        "type": "Transitive",
        "resolved": "4.7.0",
        "contentHash": "iDoKGQcRwX0qwY+eAEkaJGae0d/lHlxtslO+t8pJWAUxlvY3tqLtVOPnW2UU4cFjP0Y/L1QBqhkZfSyGqVMR2w==",
        "dependencies": {
          "System.Security.Principal.Windows": "4.7.0"
        }
      },
      "System.Dynamic.Runtime": {
        "type": "Transitive",
        "resolved": "4.0.11",
        "contentHash": "db34f6LHYM0U0JpE+sOmjar27BnqTVkbLJhgfwMpTdgTigG/Hna3m2MYVwnFzGGKnEJk2UXFuoVTr8WUbU91/A==",
        "dependencies": {
          "System.Collections": "4.0.11",
          "System.Diagnostics.Debug": "4.0.11",
          "System.Globalization": "4.0.11",
          "System.Linq": "4.1.0",
          "System.Linq.Expressions": "4.1.0",
          "System.ObjectModel": "4.0.12",
          "System.Reflection": "4.1.0",
          "System.Reflection.Emit": "4.0.1",
          "System.Reflection.Emit.ILGeneration": "4.0.1",
          "System.Reflection.Primitives": "4.0.1",
          "System.Reflection.TypeExtensions": "4.1.0",
          "System.Resources.ResourceManager": "4.0.1",
          "System.Runtime": "4.1.0",
          "System.Runtime.Extensions": "4.1.0",
          "System.Threading": "4.0.11"
        }
      },
      "System.Globalization": {
        "type": "Transitive",
        "resolved": "4.3.0",
        "contentHash": "kYdVd2f2PAdFGblzFswE4hkNANJBKRmsfa2X5LG2AcWE1c7/4t0pYae1L8vfZ5xvE2nK/R9JprtToA61OSHWIg==",
        "dependencies": {
          "Microsoft.NETCore.Platforms": "1.1.0",
          "Microsoft.NETCore.Targets": "1.1.0",
          "System.Runtime": "4.3.0"
        }
      },
      "System.IO": {
        "type": "Transitive",
        "resolved": "4.3.0",
        "contentHash": "3qjaHvxQPDpSOYICjUoTsmoq5u6QJAFRUITgeT/4gqkF1bajbSmb1kwSxEA8AHlofqgcKJcM8udgieRNhaJ5Cg==",
        "dependencies": {
          "Microsoft.NETCore.Platforms": "1.1.0",
          "Microsoft.NETCore.Targets": "1.1.0",
          "System.Runtime": "4.3.0",
          "System.Text.Encoding": "4.3.0",
          "System.Threading.Tasks": "4.3.0"
        }
      },
      "System.IO.FileSystem": {
        "type": "Transitive",
        "resolved": "4.0.1",
        "contentHash": "IBErlVq5jOggAD69bg1t0pJcHaDbJbWNUZTPI96fkYWzwYbN6D9wRHMULLDd9dHsl7C2YsxXL31LMfPI1SWt8w==",
        "dependencies": {
          "Microsoft.NETCore.Platforms": "1.0.1",
          "Microsoft.NETCore.Targets": "1.0.1",
          "System.IO": "4.1.0",
          "System.IO.FileSystem.Primitives": "4.0.1",
          "System.Runtime": "4.1.0",
          "System.Runtime.Handles": "4.0.1",
          "System.Text.Encoding": "4.0.11",
          "System.Threading.Tasks": "4.0.11"
        }
      },
      "System.IO.FileSystem.Primitives": {
        "type": "Transitive",
        "resolved": "4.0.1",
        "contentHash": "kWkKD203JJKxJeE74p8aF8y4Qc9r9WQx4C0cHzHPrY3fv/L/IhWnyCHaFJ3H1QPOH6A93whlQ2vG5nHlBDvzWQ==",
        "dependencies": {
          "System.Runtime": "4.1.0"
        }
      },
      "System.Linq": {
        "type": "Transitive",
        "resolved": "4.1.0",
        "contentHash": "bQ0iYFOQI0nuTnt+NQADns6ucV4DUvMdwN6CbkB1yj8i7arTGiTN5eok1kQwdnnNWSDZfIUySQY+J3d5KjWn0g==",
        "dependencies": {
          "System.Collections": "4.0.11",
          "System.Diagnostics.Debug": "4.0.11",
          "System.Resources.ResourceManager": "4.0.1",
          "System.Runtime": "4.1.0",
          "System.Runtime.Extensions": "4.1.0"
        }
      },
      "System.Linq.Expressions": {
        "type": "Transitive",
        "resolved": "4.1.0",
        "contentHash": "I+y02iqkgmCAyfbqOmSDOgqdZQ5tTj80Akm5BPSS8EeB0VGWdy6X1KCoYe8Pk6pwDoAKZUOdLVxnTJcExiv5zw==",
        "dependencies": {
          "System.Collections": "4.0.11",
          "System.Diagnostics.Debug": "4.0.11",
          "System.Globalization": "4.0.11",
          "System.IO": "4.1.0",
          "System.Linq": "4.1.0",
          "System.ObjectModel": "4.0.12",
          "System.Reflection": "4.1.0",
          "System.Reflection.Emit": "4.0.1",
          "System.Reflection.Emit.ILGeneration": "4.0.1",
          "System.Reflection.Emit.Lightweight": "4.0.1",
          "System.Reflection.Extensions": "4.0.1",
          "System.Reflection.Primitives": "4.0.1",
          "System.Reflection.TypeExtensions": "4.1.0",
          "System.Resources.ResourceManager": "4.0.1",
          "System.Runtime": "4.1.0",
          "System.Runtime.Extensions": "4.1.0",
          "System.Threading": "4.0.11"
        }
      },
      "System.Memory": {
        "type": "Transitive",
        "resolved": "4.5.3",
        "contentHash": "3oDzvc/zzetpTKWMShs1AADwZjQ/36HnsufHRPcOjyRAAMLDlu2iD33MBI2opxnezcVUtXyqDXXjoFMOU9c7SA==",
        "dependencies": {
          "System.Buffers": "4.4.0",
          "System.Numerics.Vectors": "4.4.0",
          "System.Runtime.CompilerServices.Unsafe": "4.5.2"
        }
      },
      "System.Numerics.Vectors": {
        "type": "Transitive",
        "resolved": "4.5.0",
        "contentHash": "QQTlPTl06J/iiDbJCiepZ4H//BVraReU4O4EoRw1U02H5TLUIT7xn3GnDp9AXPSlJUDyFs4uWjWafNX6WrAojQ=="
      },
      "System.ObjectModel": {
        "type": "Transitive",
        "resolved": "4.0.12",
        "contentHash": "tAgJM1xt3ytyMoW4qn4wIqgJYm7L7TShRZG4+Q4Qsi2PCcj96pXN7nRywS9KkB3p/xDUjc2HSwP9SROyPYDYKQ==",
        "dependencies": {
          "System.Collections": "4.0.11",
          "System.Diagnostics.Debug": "4.0.11",
          "System.Resources.ResourceManager": "4.0.1",
          "System.Runtime": "4.1.0",
          "System.Threading": "4.0.11"
        }
      },
      "System.Reflection": {
        "type": "Transitive",
        "resolved": "4.3.0",
        "contentHash": "KMiAFoW7MfJGa9nDFNcfu+FpEdiHpWgTcS2HdMpDvt9saK3y/G4GwprPyzqjFH9NTaGPQeWNHU+iDlDILj96aQ==",
        "dependencies": {
          "Microsoft.NETCore.Platforms": "1.1.0",
          "Microsoft.NETCore.Targets": "1.1.0",
          "System.IO": "4.3.0",
          "System.Reflection.Primitives": "4.3.0",
          "System.Runtime": "4.3.0"
        }
      },
      "System.Reflection.Emit": {
        "type": "Transitive",
        "resolved": "4.0.1",
        "contentHash": "P2wqAj72fFjpP6wb9nSfDqNBMab+2ovzSDzUZK7MVIm54tBJEPr9jWfSjjoTpPwj1LeKcmX3vr0ttyjSSFM47g==",
        "dependencies": {
          "System.IO": "4.1.0",
          "System.Reflection": "4.1.0",
          "System.Reflection.Emit.ILGeneration": "4.0.1",
          "System.Reflection.Primitives": "4.0.1",
          "System.Runtime": "4.1.0"
        }
      },
      "System.Reflection.Emit.ILGeneration": {
        "type": "Transitive",
        "resolved": "4.0.1",
        "contentHash": "Ov6dU8Bu15Bc7zuqttgHF12J5lwSWyTf1S+FJouUXVMSqImLZzYaQ+vRr1rQ0OZ0HqsrwWl4dsKHELckQkVpgA==",
        "dependencies": {
          "System.Reflection": "4.1.0",
          "System.Reflection.Primitives": "4.0.1",
          "System.Runtime": "4.1.0"
        }
      },
      "System.Reflection.Emit.Lightweight": {
        "type": "Transitive",
        "resolved": "4.0.1",
        "contentHash": "sSzHHXueZ5Uh0OLpUQprhr+ZYJrLPA2Cmr4gn0wj9+FftNKXx8RIMKvO9qnjk2ebPYUjZ+F2ulGdPOsvj+MEjA==",
        "dependencies": {
          "System.Reflection": "4.1.0",
          "System.Reflection.Emit.ILGeneration": "4.0.1",
          "System.Reflection.Primitives": "4.0.1",
          "System.Runtime": "4.1.0"
        }
      },
      "System.Reflection.Extensions": {
        "type": "Transitive",
        "resolved": "4.0.1",
        "contentHash": "GYrtRsZcMuHF3sbmRHfMYpvxZoIN2bQGrYGerUiWLEkqdEUQZhH3TRSaC/oI4wO0II1RKBPlpIa1TOMxIcOOzQ==",
        "dependencies": {
          "Microsoft.NETCore.Platforms": "1.0.1",
          "Microsoft.NETCore.Targets": "1.0.1",
          "System.Reflection": "4.1.0",
          "System.Runtime": "4.1.0"
        }
      },
      "System.Reflection.Primitives": {
        "type": "Transitive",
        "resolved": "4.3.0",
        "contentHash": "5RXItQz5As4xN2/YUDxdpsEkMhvw3e6aNveFXUn4Hl/udNTCNhnKp8lT9fnc3MhvGKh1baak5CovpuQUXHAlIA==",
        "dependencies": {
          "Microsoft.NETCore.Platforms": "1.1.0",
          "Microsoft.NETCore.Targets": "1.1.0",
          "System.Runtime": "4.3.0"
        }
      },
      "System.Reflection.TypeExtensions": {
        "type": "Transitive",
        "resolved": "4.7.0",
        "contentHash": "VybpaOQQhqE6siHppMktjfGBw1GCwvCqiufqmP8F1nj7fTUNtW35LOEt3UZTEsECfo+ELAl/9o9nJx3U91i7vA=="
      },
      "System.Resources.ResourceManager": {
        "type": "Transitive",
        "resolved": "4.3.0",
        "contentHash": "/zrcPkkWdZmI4F92gL/TPumP98AVDu/Wxr3CSJGQQ+XN6wbRZcyfSKVoPo17ilb3iOr0cCRqJInGwNMolqhS8A==",
        "dependencies": {
          "Microsoft.NETCore.Platforms": "1.1.0",
          "Microsoft.NETCore.Targets": "1.1.0",
          "System.Globalization": "4.3.0",
          "System.Reflection": "4.3.0",
          "System.Runtime": "4.3.0"
        }
      },
      "System.Runtime": {
        "type": "Transitive",
        "resolved": "4.3.0",
        "contentHash": "JufQi0vPQ0xGnAczR13AUFglDyVYt4Kqnz1AZaiKZ5+GICq0/1MH/mO/eAJHt/mHW1zjKBJd7kV26SrxddAhiw==",
        "dependencies": {
          "Microsoft.NETCore.Platforms": "1.1.0",
          "Microsoft.NETCore.Targets": "1.1.0"
        }
      },
      "System.Runtime.CompilerServices.Unsafe": {
        "type": "Transitive",
        "resolved": "4.7.0",
        "contentHash": "IpU1lcHz8/09yDr9N+Juc7SCgNUz+RohkCQI+KsWKR67XxpFr8Z6c8t1iENCXZuRuNCc4HBwme/MDHNVCwyAKg=="
      },
      "System.Runtime.Extensions": {
        "type": "Transitive",
        "resolved": "4.3.0",
        "contentHash": "guW0uK0fn5fcJJ1tJVXYd7/1h5F+pea1r7FLSOz/f8vPEqbR2ZAknuRDvTQ8PzAilDveOxNjSfr0CHfIQfFk8g==",
        "dependencies": {
          "Microsoft.NETCore.Platforms": "1.1.0",
          "Microsoft.NETCore.Targets": "1.1.0",
          "System.Runtime": "4.3.0"
        }
      },
      "System.Runtime.Handles": {
        "type": "Transitive",
        "resolved": "4.0.1",
        "contentHash": "nCJvEKguXEvk2ymk1gqj625vVnlK3/xdGzx0vOKicQkoquaTBJTP13AIYkocSUwHCLNBwUbXTqTWGDxBTWpt7g==",
        "dependencies": {
          "Microsoft.NETCore.Platforms": "1.0.1",
          "Microsoft.NETCore.Targets": "1.0.1",
          "System.Runtime": "4.1.0"
        }
      },
      "System.Runtime.InteropServices": {
        "type": "Transitive",
        "resolved": "4.1.0",
        "contentHash": "16eu3kjHS633yYdkjwShDHZLRNMKVi/s0bY8ODiqJ2RfMhDMAwxZaUaWVnZ2P71kr/or+X9o/xFWtNqz8ivieQ==",
        "dependencies": {
          "Microsoft.NETCore.Platforms": "1.0.1",
          "Microsoft.NETCore.Targets": "1.0.1",
          "System.Reflection": "4.1.0",
          "System.Reflection.Primitives": "4.0.1",
          "System.Runtime": "4.1.0",
          "System.Runtime.Handles": "4.0.1"
        }
      },
      "System.Runtime.InteropServices.RuntimeInformation": {
        "type": "Transitive",
        "resolved": "4.0.0",
        "contentHash": "hWPhJxc453RCa8Z29O91EmfGeZIHX1ZH2A8L6lYQVSaKzku2DfArSfMEb1/MYYzPQRJZeu0c9dmYeJKxW5Fgng==",
        "dependencies": {
          "Microsoft.NETCore.Platforms": "1.0.1",
          "System.Reflection": "4.1.0",
          "System.Resources.ResourceManager": "4.0.1",
          "System.Runtime": "4.1.0",
          "System.Runtime.InteropServices": "4.1.0",
          "System.Threading": "4.0.11",
          "runtime.native.System": "4.0.0"
        }
      },
      "System.Security.Principal.Windows": {
        "type": "Transitive",
        "resolved": "4.7.0",
        "contentHash": "ojD0PX0XhneCsUbAZVKdb7h/70vyYMDYs85lwEI+LngEONe/17A0cFaRFqZU+sOEidcVswYWikYOQ9PPfjlbtQ=="
      },
      "System.Text.Encoding": {
        "type": "Transitive",
        "resolved": "4.3.0",
        "contentHash": "BiIg+KWaSDOITze6jGQynxg64naAPtqGHBwDrLaCtixsa5bKiR8dpPOHA7ge3C0JJQizJE+sfkz1wV+BAKAYZw==",
        "dependencies": {
          "Microsoft.NETCore.Platforms": "1.1.0",
          "Microsoft.NETCore.Targets": "1.1.0",
          "System.Runtime": "4.3.0"
        }
      },
      "System.Text.Encoding.CodePages": {
        "type": "Transitive",
        "resolved": "4.5.1",
        "contentHash": "4J2JQXbftjPMppIHJ7IC+VXQ9XfEagN92vZZNoG12i+zReYlim5dMoXFC1Zzg7tsnKDM7JPo5bYfFK4Jheq44w==",
        "dependencies": {
          "System.Runtime.CompilerServices.Unsafe": "4.5.2"
        }
      },
      "System.Text.Encodings.Web": {
        "type": "Transitive",
        "resolved": "4.7.0",
        "contentHash": "IJanJWPQvya2sbGStt3Fkdy4IaomUBSadAfYWeJDQw0zclMk9ixSvMeei6cSmTTQ6ZkGIIAbhHZVCoLR7GgX7Q=="
      },
      "System.Text.Json": {
        "type": "Transitive",
        "resolved": "4.7.1",
        "contentHash": "XwzMbct3iNepJaFylN1+l8weWlFburEzXidqleSsLvSXdHSIJHEKtRVKHPlpWcFmJX6k3goPFfVgUfp40RR+bg==",
        "dependencies": {
          "Microsoft.Bcl.AsyncInterfaces": "1.1.0",
          "System.Buffers": "4.5.0",
          "System.Memory": "4.5.3",
          "System.Numerics.Vectors": "4.5.0",
          "System.Runtime.CompilerServices.Unsafe": "4.7.0",
          "System.Text.Encodings.Web": "4.7.0",
          "System.Threading.Tasks.Extensions": "4.5.2"
        }
      },
      "System.Threading": {
        "type": "Transitive",
        "resolved": "4.3.0",
        "contentHash": "VkUS0kOBcUf3Wwm0TSbrevDDZ6BlM+b/HRiapRFWjM5O0NS0LviG0glKmFK+hhPDd1XFeSdU1GmlLhb2CoVpIw==",
        "dependencies": {
          "System.Runtime": "4.3.0",
          "System.Threading.Tasks": "4.3.0"
        }
      },
      "System.Threading.Tasks": {
        "type": "Transitive",
        "resolved": "4.3.0",
        "contentHash": "LbSxKEdOUhVe8BezB/9uOGGppt+nZf6e1VFyw6v3DN6lqitm0OSn2uXMOdtP0M3W4iMcqcivm2J6UgqiwwnXiA==",
        "dependencies": {
          "Microsoft.NETCore.Platforms": "1.1.0",
          "Microsoft.NETCore.Targets": "1.1.0",
          "System.Runtime": "4.3.0"
        }
      },
      "System.Threading.Tasks.Extensions": {
        "type": "Transitive",
        "resolved": "4.5.2",
        "contentHash": "BG/TNxDFv0svAzx8OiMXDlsHfGw623BZ8tCXw4YLhDFDvDhNUEV58jKYMGRnkbJNm7c3JNNJDiN7JBMzxRBR2w==",
        "dependencies": {
          "System.Runtime.CompilerServices.Unsafe": "4.5.2"
        }
      },
      "sitko.core.app": {
        "type": "Project",
        "dependencies": {
          "Flurl.Http": "2.4.2",
          "JetBrains.Annotations": "2019.1.3",
          "Microsoft.Extensions.Configuration": "3.1.2",
          "Microsoft.Extensions.DependencyInjection": "3.1.2",
          "Microsoft.Extensions.Diagnostics.HealthChecks": "3.1.2",
          "Microsoft.Extensions.Hosting": "3.1.2",
          "Microsoft.Extensions.Http": "3.1.2",
          "Microsoft.Extensions.Logging": "3.1.2",
          "Scrutor": "3.2.0",
          "Serilog.Exceptions": "5.4.0",
          "Serilog.Extensions.Logging": "3.0.1",
          "Serilog.Sinks.Console": "3.1.1"
        }
      }
    }
  }
}